// !$*UTF8*$!
{
	archiveVersion = 1;
	classes = {
	};
	objectVersion = 50;
	objects = {

/* Begin PBXBuildFile section */
		D95E354F219C576D00F567AA /* AppDelegate.m in Sources */ = {isa = PBXBuildFile; fileRef = D95E354E219C576D00F567AA /* AppDelegate.m */; };
		D95E3552219C576D00F567AA /* ViewController.m in Sources */ = {isa = PBXBuildFile; fileRef = D95E3551219C576D00F567AA /* ViewController.m */; };
		D95E3555219C576D00F567AA /* Main.storyboard in Resources */ = {isa = PBXBuildFile; fileRef = D95E3553219C576D00F567AA /* Main.storyboard */; };
		D95E3557219C576E00F567AA /* Assets.xcassets in Resources */ = {isa = PBXBuildFile; fileRef = D95E3556219C576E00F567AA /* Assets.xcassets */; };
		D95E355A219C576E00F567AA /* LaunchScreen.storyboard in Resources */ = {isa = PBXBuildFile; fileRef = D95E3558219C576E00F567AA /* LaunchScreen.storyboard */; };
		D95E355D219C576E00F567AA /* main.m in Sources */ = {isa = PBXBuildFile; fileRef = D95E355C219C576E00F567AA /* main.m */; };
		D95E3567219C576E00F567AA /* PSCameraRecordTests.m in Sources */ = {isa = PBXBuildFile; fileRef = D95E3566219C576E00F567AA /* PSCameraRecordTests.m */; };
		D95E3572219C576E00F567AA /* PSCameraRecordUITests.m in Sources */ = {isa = PBXBuildFile; fileRef = D95E3571219C576E00F567AA /* PSCameraRecordUITests.m */; };
		D95E3581219C5A9300F567AA /* PSCameraRecorder.m in Sources */ = {isa = PBXBuildFile; fileRef = D95E3580219C5A9300F567AA /* PSCameraRecorder.m */; };
/* End PBXBuildFile section */

/* Begin PBXContainerItemProxy section */
		D95E3563219C576E00F567AA /* PBXContainerItemProxy */ = {
			isa = PBXContainerItemProxy;
			containerPortal = D95E3542219C576D00F567AA /* Project object */;
			proxyType = 1;
			remoteGlobalIDString = D95E3549219C576D00F567AA;
			remoteInfo = PSCameraRecord;
		};
		D95E356E219C576E00F567AA /* PBXContainerItemProxy */ = {
			isa = PBXContainerItemProxy;
			containerPortal = D95E3542219C576D00F567AA /* Project object */;
			proxyType = 1;
			remoteGlobalIDString = D95E3549219C576D00F567AA;
			remoteInfo = PSCameraRecord;
		};
/* End PBXContainerItemProxy section */

/* Begin PBXFileReference section */
		D95E354A219C576D00F567AA /* PSCameraRecord.app */ = {isa = PBXFileReference; explicitFileType = wrapper.application; includeInIndex = 0; path = PSCameraRecord.app; sourceTree = BUILT_PRODUCTS_DIR; };
		D95E354D219C576D00F567AA /* AppDelegate.h */ = {isa = PBXFileReference; lastKnownFileType = sourcecode.c.h; path = AppDelegate.h; sourceTree = "<group>"; };
		D95E354E219C576D00F567AA /* AppDelegate.m */ = {isa = PBXFileReference; lastKnownFileType = sourcecode.c.objc; path = AppDelegate.m; sourceTree = "<group>"; };
		D95E3550219C576D00F567AA /* ViewController.h */ = {isa = PBXFileReference; lastKnownFileType = sourcecode.c.h; path = ViewController.h; sourceTree = "<group>"; };
		D95E3551219C576D00F567AA /* ViewController.m */ = {isa = PBXFileReference; lastKnownFileType = sourcecode.c.objc; path = ViewController.m; sourceTree = "<group>"; };
		D95E3554219C576D00F567AA /* Base */ = {isa = PBXFileReference; lastKnownFileType = file.storyboard; name = Base; path = Base.lproj/Main.storyboard; sourceTree = "<group>"; };
		D95E3556219C576E00F567AA /* Assets.xcassets */ = {isa = PBXFileReference; lastKnownFileType = folder.assetcatalog; path = Assets.xcassets; sourceTree = "<group>"; };
		D95E3559219C576E00F567AA /* Base */ = {isa = PBXFileReference; lastKnownFileType = file.storyboard; name = Base; path = Base.lproj/LaunchScreen.storyboard; sourceTree = "<group>"; };
		D95E355B219C576E00F567AA /* Info.plist */ = {isa = PBXFileReference; lastKnownFileType = text.plist.xml; path = Info.plist; sourceTree = "<group>"; };
		D95E355C219C576E00F567AA /* main.m */ = {isa = PBXFileReference; lastKnownFileType = sourcecode.c.objc; path = main.m; sourceTree = "<group>"; };
		D95E3562219C576E00F567AA /* PSCameraRecordTests.xctest */ = {isa = PBXFileReference; explicitFileType = wrapper.cfbundle; includeInIndex = 0; path = PSCameraRecordTests.xctest; sourceTree = BUILT_PRODUCTS_DIR; };
		D95E3566219C576E00F567AA /* PSCameraRecordTests.m */ = {isa = PBXFileReference; lastKnownFileType = sourcecode.c.objc; path = PSCameraRecordTests.m; sourceTree = "<group>"; };
		D95E3568219C576E00F567AA /* Info.plist */ = {isa = PBXFileReference; lastKnownFileType = text.plist.xml; path = Info.plist; sourceTree = "<group>"; };
		D95E356D219C576E00F567AA /* PSCameraRecordUITests.xctest */ = {isa = PBXFileReference; explicitFileType = wrapper.cfbundle; includeInIndex = 0; path = PSCameraRecordUITests.xctest; sourceTree = BUILT_PRODUCTS_DIR; };
		D95E3571219C576E00F567AA /* PSCameraRecordUITests.m */ = {isa = PBXFileReference; lastKnownFileType = sourcecode.c.objc; path = PSCameraRecordUITests.m; sourceTree = "<group>"; };
		D95E3573219C576E00F567AA /* Info.plist */ = {isa = PBXFileReference; lastKnownFileType = text.plist.xml; path = Info.plist; sourceTree = "<group>"; };
		D95E357F219C5A9300F567AA /* PSCameraRecorder.h */ = {isa = PBXFileReference; lastKnownFileType = sourcecode.c.h; path = PSCameraRecorder.h; sourceTree = "<group>"; };
		D95E3580219C5A9300F567AA /* PSCameraRecorder.m */ = {isa = PBXFileReference; lastKnownFileType = sourcecode.c.objc; path = PSCameraRecorder.m; sourceTree = "<group>"; };
/* End PBXFileReference section */

/* Begin PBXFrameworksBuildPhase section */
		D95E3547219C576D00F567AA /* Frameworks */ = {
			isa = PBXFrameworksBuildPhase;
			buildActionMask = 2147483647;
			files = (
			);
			runOnlyForDeploymentPostprocessing = 0;
		};
		D95E355F219C576E00F567AA /* Frameworks */ = {
			isa = PBXFrameworksBuildPhase;
			buildActionMask = 2147483647;
			files = (
			);
			runOnlyForDeploymentPostprocessing = 0;
		};
		D95E356A219C576E00F567AA /* Frameworks */ = {
			isa = PBXFrameworksBuildPhase;
			buildActionMask = 2147483647;
			files = (
			);
			runOnlyForDeploymentPostprocessing = 0;
		};
/* End PBXFrameworksBuildPhase section */

/* Begin PBXGroup section */
		D95E3541219C576D00F567AA = {
			isa = PBXGroup;
			children = (
				D95E354C219C576D00F567AA /* PSCameraRecord */,
				D95E3565219C576E00F567AA /* PSCameraRecordTests */,
				D95E3570219C576E00F567AA /* PSCameraRecordUITests */,
				D95E354B219C576D00F567AA /* Products */,
			);
			sourceTree = "<group>";
		};
		D95E354B219C576D00F567AA /* Products */ = {
			isa = PBXGroup;
			children = (
				D95E354A219C576D00F567AA /* PSCameraRecord.app */,
				D95E3562219C576E00F567AA /* PSCameraRecordTests.xctest */,
				D95E356D219C576E00F567AA /* PSCameraRecordUITests.xctest */,
			);
			name = Products;
			sourceTree = "<group>";
		};
		D95E354C219C576D00F567AA /* PSCameraRecord */ = {
			isa = PBXGroup;
			children = (
				D95E354D219C576D00F567AA /* AppDelegate.h */,
				D95E354E219C576D00F567AA /* AppDelegate.m */,
				D95E3550219C576D00F567AA /* ViewController.h */,
				D95E3551219C576D00F567AA /* ViewController.m */,
				D95E357F219C5A9300F567AA /* PSCameraRecorder.h */,
				D95E3580219C5A9300F567AA /* PSCameraRecorder.m */,
				D95E3553219C576D00F567AA /* Main.storyboard */,
				D95E3556219C576E00F567AA /* Assets.xcassets */,
				D95E3558219C576E00F567AA /* LaunchScreen.storyboard */,
				D95E355B219C576E00F567AA /* Info.plist */,
				D95E355C219C576E00F567AA /* main.m */,
			);
			path = PSCameraRecord;
			sourceTree = "<group>";
		};
		D95E3565219C576E00F567AA /* PSCameraRecordTests */ = {
			isa = PBXGroup;
			children = (
				D95E3566219C576E00F567AA /* PSCameraRecordTests.m */,
				D95E3568219C576E00F567AA /* Info.plist */,
			);
			path = PSCameraRecordTests;
			sourceTree = "<group>";
		};
		D95E3570219C576E00F567AA /* PSCameraRecordUITests */ = {
			isa = PBXGroup;
			children = (
				D95E3571219C576E00F567AA /* PSCameraRecordUITests.m */,
				D95E3573219C576E00F567AA /* Info.plist */,
			);
			path = PSCameraRecordUITests;
			sourceTree = "<group>";
		};
/* End PBXGroup section */

/* Begin PBXNativeTarget section */
		D95E3549219C576D00F567AA /* PSCameraRecord */ = {
			isa = PBXNativeTarget;
			buildConfigurationList = D95E3576219C576E00F567AA /* Build configuration list for PBXNativeTarget "PSCameraRecord" */;
			buildPhases = (
				D95E3546219C576D00F567AA /* Sources */,
				D95E3547219C576D00F567AA /* Frameworks */,
				D95E3548219C576D00F567AA /* Resources */,
			);
			buildRules = (
			);
			dependencies = (
			);
			name = PSCameraRecord;
			productName = PSCameraRecord;
			productReference = D95E354A219C576D00F567AA /* PSCameraRecord.app */;
			productType = "com.apple.product-type.application";
		};
		D95E3561219C576E00F567AA /* PSCameraRecordTests */ = {
			isa = PBXNativeTarget;
			buildConfigurationList = D95E3579219C576E00F567AA /* Build configuration list for PBXNativeTarget "PSCameraRecordTests" */;
			buildPhases = (
				D95E355E219C576E00F567AA /* Sources */,
				D95E355F219C576E00F567AA /* Frameworks */,
				D95E3560219C576E00F567AA /* Resources */,
			);
			buildRules = (
			);
			dependencies = (
				D95E3564219C576E00F567AA /* PBXTargetDependency */,
			);
			name = PSCameraRecordTests;
			productName = PSCameraRecordTests;
			productReference = D95E3562219C576E00F567AA /* PSCameraRecordTests.xctest */;
			productType = "com.apple.product-type.bundle.unit-test";
		};
		D95E356C219C576E00F567AA /* PSCameraRecordUITests */ = {
			isa = PBXNativeTarget;
			buildConfigurationList = D95E357C219C576E00F567AA /* Build configuration list for PBXNativeTarget "PSCameraRecordUITests" */;
			buildPhases = (
				D95E3569219C576E00F567AA /* Sources */,
				D95E356A219C576E00F567AA /* Frameworks */,
				D95E356B219C576E00F567AA /* Resources */,
			);
			buildRules = (
			);
			dependencies = (
				D95E356F219C576E00F567AA /* PBXTargetDependency */,
			);
			name = PSCameraRecordUITests;
			productName = PSCameraRecordUITests;
			productReference = D95E356D219C576E00F567AA /* PSCameraRecordUITests.xctest */;
			productType = "com.apple.product-type.bundle.ui-testing";
		};
/* End PBXNativeTarget section */

/* Begin PBXProject section */
		D95E3542219C576D00F567AA /* Project object */ = {
			isa = PBXProject;
			attributes = {
				LastUpgradeCheck = 1010;
				ORGANIZATIONNAME = "梁鹏帅";
				TargetAttributes = {
					D95E3549219C576D00F567AA = {
						CreatedOnToolsVersion = 10.1;
					};
					D95E3561219C576E00F567AA = {
						CreatedOnToolsVersion = 10.1;
						TestTargetID = D95E3549219C576D00F567AA;
					};
					D95E356C219C576E00F567AA = {
						CreatedOnToolsVersion = 10.1;
						TestTargetID = D95E3549219C576D00F567AA;
					};
				};
			};
			buildConfigurationList = D95E3545219C576D00F567AA /* Build configuration list for PBXProject "PSCameraRecord" */;
			compatibilityVersion = "Xcode 9.3";
			developmentRegion = en;
			hasScannedForEncodings = 0;
			knownRegions = (
				en,
				Base,
			);
			mainGroup = D95E3541219C576D00F567AA;
			productRefGroup = D95E354B219C576D00F567AA /* Products */;
			projectDirPath = "";
			projectRoot = "";
			targets = (
				D95E3549219C576D00F567AA /* PSCameraRecord */,
				D95E3561219C576E00F567AA /* PSCameraRecordTests */,
				D95E356C219C576E00F567AA /* PSCameraRecordUITests */,
			);
		};
/* End PBXProject section */

/* Begin PBXResourcesBuildPhase section */
		D95E3548219C576D00F567AA /* Resources */ = {
			isa = PBXResourcesBuildPhase;
			buildActionMask = 2147483647;
			files = (
				D95E355A219C576E00F567AA /* LaunchScreen.storyboard in Resources */,
				D95E3557219C576E00F567AA /* Assets.xcassets in Resources */,
				D95E3555219C576D00F567AA /* Main.storyboard in Resources */,
			);
			runOnlyForDeploymentPostprocessing = 0;
		};
		D95E3560219C576E00F567AA /* Resources */ = {
			isa = PBXResourcesBuildPhase;
			buildActionMask = 2147483647;
			files = (
			);
			runOnlyForDeploymentPostprocessing = 0;
		};
		D95E356B219C576E00F567AA /* Resources */ = {
			isa = PBXResourcesBuildPhase;
			buildActionMask = 2147483647;
			files = (
			);
			runOnlyForDeploymentPostprocessing = 0;
		};
/* End PBXResourcesBuildPhase section */

/* Begin PBXSourcesBuildPhase section */
		D95E3546219C576D00F567AA /* Sources */ = {
			isa = PBXSourcesBuildPhase;
			buildActionMask = 2147483647;
			files = (
				D95E3552219C576D00F567AA /* ViewController.m in Sources */,
				D95E355D219C576E00F567AA /* main.m in Sources */,
				D95E354F219C576D00F567AA /* AppDelegate.m in Sources */,
				D95E3581219C5A9300F567AA /* PSCameraRecorder.m in Sources */,
			);
			runOnlyForDeploymentPostprocessing = 0;
		};
		D95E355E219C576E00F567AA /* Sources */ = {
			isa = PBXSourcesBuildPhase;
			buildActionMask = 2147483647;
			files = (
				D95E3567219C576E00F567AA /* PSCameraRecordTests.m in Sources */,
			);
			runOnlyForDeploymentPostprocessing = 0;
		};
		D95E3569219C576E00F567AA /* Sources */ = {
			isa = PBXSourcesBuildPhase;
			buildActionMask = 2147483647;
			files = (
				D95E3572219C576E00F567AA /* PSCameraRecordUITests.m in Sources */,
			);
			runOnlyForDeploymentPostprocessing = 0;
		};
/* End PBXSourcesBuildPhase section */

/* Begin PBXTargetDependency section */
		D95E3564219C576E00F567AA /* PBXTargetDependency */ = {
			isa = PBXTargetDependency;
			target = D95E3549219C576D00F567AA /* PSCameraRecord */;
			targetProxy = D95E3563219C576E00F567AA /* PBXContainerItemProxy */;
		};
		D95E356F219C576E00F567AA /* PBXTargetDependency */ = {
			isa = PBXTargetDependency;
			target = D95E3549219C576D00F567AA /* PSCameraRecord */;
			targetProxy = D95E356E219C576E00F567AA /* PBXContainerItemProxy */;
		};
/* End PBXTargetDependency section */

/* Begin PBXVariantGroup section */
		D95E3553219C576D00F567AA /* Main.storyboard */ = {
			isa = PBXVariantGroup;
			children = (
				D95E3554219C576D00F567AA /* Base */,
			);
			name = Main.storyboard;
			sourceTree = "<group>";
		};
		D95E3558219C576E00F567AA /* LaunchScreen.storyboard */ = {
			isa = PBXVariantGroup;
			children = (
				D95E3559219C576E00F567AA /* Base */,
			);
			name = LaunchScreen.storyboard;
			sourceTree = "<group>";
		};
/* End PBXVariantGroup section */

/* Begin XCBuildConfiguration section */
		D95E3574219C576E00F567AA /* Debug */ = {
			isa = XCBuildConfiguration;
			buildSettings = {
				ALWAYS_SEARCH_USER_PATHS = NO;
				CLANG_ANALYZER_NONNULL = YES;
				CLANG_ANALYZER_NUMBER_OBJECT_CONVERSION = YES_AGGRESSIVE;
				CLANG_CXX_LANGUAGE_STANDARD = "gnu++14";
				CLANG_CXX_LIBRARY = "libc++";
				CLANG_ENABLE_MODULES = YES;
				CLANG_ENABLE_OBJC_ARC = YES;
				CLANG_ENABLE_OBJC_WEAK = YES;
				CLANG_WARN_BLOCK_CAPTURE_AUTORELEASING = YES;
				CLANG_WARN_BOOL_CONVERSION = YES;
				CLANG_WARN_COMMA = YES;
				CLANG_WARN_CONSTANT_CONVERSION = YES;
				CLANG_WARN_DEPRECATED_OBJC_IMPLEMENTATIONS = YES;
				CLANG_WARN_DIRECT_OBJC_ISA_USAGE = YES_ERROR;
				CLANG_WARN_DOCUMENTATION_COMMENTS = YES;
				CLANG_WARN_EMPTY_BODY = YES;
				CLANG_WARN_ENUM_CONVERSION = YES;
				CLANG_WARN_INFINITE_RECURSION = YES;
				CLANG_WARN_INT_CONVERSION = YES;
				CLANG_WARN_NON_LITERAL_NULL_CONVERSION = YES;
				CLANG_WARN_OBJC_IMPLICIT_RETAIN_SELF = YES;
				CLANG_WARN_OBJC_LITERAL_CONVERSION = YES;
				CLANG_WARN_OBJC_ROOT_CLASS = YES_ERROR;
				CLANG_WARN_RANGE_LOOP_ANALYSIS = YES;
				CLANG_WARN_STRICT_PROTOTYPES = YES;
				CLANG_WARN_SUSPICIOUS_MOVE = YES;
				CLANG_WARN_UNGUARDED_AVAILABILITY = YES_AGGRESSIVE;
				CLANG_WARN_UNREACHABLE_CODE = YES;
				CLANG_WARN__DUPLICATE_METHOD_MATCH = YES;
				CODE_SIGN_IDENTITY = "iPhone Developer";
				COPY_PHASE_STRIP = NO;
				DEBUG_INFORMATION_FORMAT = dwarf;
				ENABLE_STRICT_OBJC_MSGSEND = YES;
				ENABLE_TESTABILITY = YES;
				GCC_C_LANGUAGE_STANDARD = gnu11;
				GCC_DYNAMIC_NO_PIC = NO;
				GCC_NO_COMMON_BLOCKS = YES;
				GCC_OPTIMIZATION_LEVEL = 0;
				GCC_PREPROCESSOR_DEFINITIONS = (
					"DEBUG=1",
					"$(inherited)",
				);
				GCC_WARN_64_TO_32_BIT_CONVERSION = YES;
				GCC_WARN_ABOUT_RETURN_TYPE = YES_ERROR;
				GCC_WARN_UNDECLARED_SELECTOR = YES;
				GCC_WARN_UNINITIALIZED_AUTOS = YES_AGGRESSIVE;
				GCC_WARN_UNUSED_FUNCTION = YES;
				GCC_WARN_UNUSED_VARIABLE = YES;
				IPHONEOS_DEPLOYMENT_TARGET = 12.1;
				MTL_ENABLE_DEBUG_INFO = INCLUDE_SOURCE;
				MTL_FAST_MATH = YES;
				ONLY_ACTIVE_ARCH = YES;
				SDKROOT = iphoneos;
			};
			name = Debug;
		};
		D95E3575219C576E00F567AA /* Release */ = {
			isa = XCBuildConfiguration;
			buildSettings = {
				ALWAYS_SEARCH_USER_PATHS = NO;
				CLANG_ANALYZER_NONNULL = YES;
				CLANG_ANALYZER_NUMBER_OBJECT_CONVERSION = YES_AGGRESSIVE;
				CLANG_CXX_LANGUAGE_STANDARD = "gnu++14";
				CLANG_CXX_LIBRARY = "libc++";
				CLANG_ENABLE_MODULES = YES;
				CLANG_ENABLE_OBJC_ARC = YES;
				CLANG_ENABLE_OBJC_WEAK = YES;
				CLANG_WARN_BLOCK_CAPTURE_AUTORELEASING = YES;
				CLANG_WARN_BOOL_CONVERSION = YES;
				CLANG_WARN_COMMA = YES;
				CLANG_WARN_CONSTANT_CONVERSION = YES;
				CLANG_WARN_DEPRECATED_OBJC_IMPLEMENTATIONS = YES;
				CLANG_WARN_DIRECT_OBJC_ISA_USAGE = YES_ERROR;
				CLANG_WARN_DOCUMENTATION_COMMENTS = YES;
				CLANG_WARN_EMPTY_BODY = YES;
				CLANG_WARN_ENUM_CONVERSION = YES;
				CLANG_WARN_INFINITE_RECURSION = YES;
				CLANG_WARN_INT_CONVERSION = YES;
				CLANG_WARN_NON_LITERAL_NULL_CONVERSION = YES;
				CLANG_WARN_OBJC_IMPLICIT_RETAIN_SELF = YES;
				CLANG_WARN_OBJC_LITERAL_CONVERSION = YES;
				CLANG_WARN_OBJC_ROOT_CLASS = YES_ERROR;
				CLANG_WARN_RANGE_LOOP_ANALYSIS = YES;
				CLANG_WARN_STRICT_PROTOTYPES = YES;
				CLANG_WARN_SUSPICIOUS_MOVE = YES;
				CLANG_WARN_UNGUARDED_AVAILABILITY = YES_AGGRESSIVE;
				CLANG_WARN_UNREACHABLE_CODE = YES;
				CLANG_WARN__DUPLICATE_METHOD_MATCH = YES;
				CODE_SIGN_IDENTITY = "iPhone Developer";
				COPY_PHASE_STRIP = NO;
				DEBUG_INFORMATION_FORMAT = "dwarf-with-dsym";
				ENABLE_NS_ASSERTIONS = NO;
				ENABLE_STRICT_OBJC_MSGSEND = YES;
				GCC_C_LANGUAGE_STANDARD = gnu11;
				GCC_NO_COMMON_BLOCKS = YES;
				GCC_WARN_64_TO_32_BIT_CONVERSION = YES;
				GCC_WARN_ABOUT_RETURN_TYPE = YES_ERROR;
				GCC_WARN_UNDECLARED_SELECTOR = YES;
				GCC_WARN_UNINITIALIZED_AUTOS = YES_AGGRESSIVE;
				GCC_WARN_UNUSED_FUNCTION = YES;
				GCC_WARN_UNUSED_VARIABLE = YES;
				IPHONEOS_DEPLOYMENT_TARGET = 12.1;
				MTL_ENABLE_DEBUG_INFO = NO;
				MTL_FAST_MATH = YES;
				SDKROOT = iphoneos;
				VALIDATE_PRODUCT = YES;
			};
			name = Release;
		};
		D95E3577219C576E00F567AA /* Debug */ = {
			isa = XCBuildConfiguration;
			buildSettings = {
				ASSETCATALOG_COMPILER_APPICON_NAME = AppIcon;
				CODE_SIGN_STYLE = Automatic;
				DEVELOPMENT_TEAM = G8RG7Y36J8;
				INFOPLIST_FILE = PSCameraRecord/Info.plist;
				IPHONEOS_DEPLOYMENT_TARGET = 10;
				LD_RUNPATH_SEARCH_PATHS = (
					"$(inherited)",
					"@executable_path/Frameworks",
				);
				PRODUCT_BUNDLE_IDENTIFIER = pengshuai.PSCameraRecord;
				PRODUCT_NAME = "$(TARGET_NAME)";
				TARGETED_DEVICE_FAMILY = "1,2";
			};
			name = Debug;
		};
		D95E3578219C576E00F567AA /* Release */ = {
			isa = XCBuildConfiguration;
			buildSettings = {
				ASSETCATALOG_COMPILER_APPICON_NAME = AppIcon;
				CODE_SIGN_STYLE = Automatic;
				DEVELOPMENT_TEAM = G8RG7Y36J8;
				INFOPLIST_FILE = PSCameraRecord/Info.plist;
				IPHONEOS_DEPLOYMENT_TARGET = 10;
				LD_RUNPATH_SEARCH_PATHS = (
					"$(inherited)",
					"@executable_path/Frameworks",
				);
				PRODUCT_BUNDLE_IDENTIFIER = pengshuai.PSCameraRecord;
				PRODUCT_NAME = "$(TARGET_NAME)";
				TARGETED_DEVICE_FAMILY = "1,2";
			};
			name = Release;
		};
		D95E357A219C576E00F567AA /* Debug */ = {
			isa = XCBuildConfiguration;
			buildSettings = {
				BUNDLE_LOADER = "$(TEST_HOST)";
				CODE_SIGN_STYLE = Automatic;
				DEVELOPMENT_TEAM = G8RG7Y36J8;
				INFOPLIST_FILE = PSCameraRecordTests/Info.plist;
				LD_RUNPATH_SEARCH_PATHS = (
					"$(inherited)",
					"@executable_path/Frameworks",
					"@loader_path/Frameworks",
				);
				PRODUCT_BUNDLE_IDENTIFIER = pengshuai.PSCameraRecordTests;
				PRODUCT_NAME = "$(TARGET_NAME)";
				TARGETED_DEVICE_FAMILY = "1,2";
				TEST_HOST = "$(BUILT_PRODUCTS_DIR)/PSCameraRecord.app/PSCameraRecord";
			};
			name = Debug;
		};
		D95E357B219C576E00F567AA /* Release */ = {
			isa = XCBuildConfiguration;
			buildSettings = {
				BUNDLE_LOADER = "$(TEST_HOST)";
				CODE_SIGN_STYLE = Automatic;
				DEVELOPMENT_TEAM = G8RG7Y36J8;
				INFOPLIST_FILE = PSCameraRecordTests/Info.plist;
				LD_RUNPATH_SEARCH_PATHS = (
					"$(inherited)",
					"@executable_path/Frameworks",
					"@loader_path/Frameworks",
				);
				PRODUCT_BUNDLE_IDENTIFIER = pengshuai.PSCameraRecordTests;
				PRODUCT_NAME = "$(TARGET_NAME)";
				TARGETED_DEVICE_FAMILY = "1,2";
				TEST_HOST = "$(BUILT_PRODUCTS_DIR)/PSCameraRecord.app/PSCameraRecord";
			};
			name = Release;
		};
		D95E357D219C576E00F567AA /* Debug */ = {
			isa = XCBuildConfiguration;
			buildSettings = {
				CODE_SIGN_STYLE = Automatic;
				DEVELOPMENT_TEAM = G8RG7Y36J8;
				INFOPLIST_FILE = PSCameraRecordUITests/Info.plist;
				LD_RUNPATH_SEARCH_PATHS = (
					"$(inherited)",
					"@executable_path/Frameworks",
					"@loader_path/Frameworks",
				);
				PRODUCT_BUNDLE_IDENTIFIER = pengshuai.PSCameraRecordUITests;
				PRODUCT_NAME = "$(TARGET_NAME)";
				TARGETED_DEVICE_FAMILY = "1,2";
				TEST_TARGET_NAME = PSCameraRecord;
			};
			name = Debug;
		};
		D95E357E219C576E00F567AA /* Release */ = {
			isa = XCBuildConfiguration;
			buildSettings = {
				CODE_SIGN_STYLE = Automatic;
				DEVELOPMENT_TEAM = G8RG7Y36J8;
				INFOPLIST_FILE = PSCameraRecordUITests/Info.plist;
				LD_RUNPATH_SEARCH_PATHS = (
					"$(inherited)",
					"@executable_path/Frameworks",
					"@loader_path/Frameworks",
				);
				PRODUCT_BUNDLE_IDENTIFIER = pengshuai.PSCameraRecordUITests;
				PRODUCT_NAME = "$(TARGET_NAME)";
				TARGETED_DEVICE_FAMILY = "1,2";
				TEST_TARGET_NAME = PSCameraRecord;
			};
			name = Release;
		};
/* End XCBuildConfiguration section */

/* Begin XCConfigurationList section */
		D95E3545219C576D00F567AA /* Build configuration list for PBXProject "PSCameraRecord" */ = {
			isa = XCConfigurationList;
			buildConfigurations = (
				D95E3574219C576E00F567AA /* Debug */,
				D95E3575219C576E00F567AA /* Release */,
			);
			defaultConfigurationIsVisible = 0;
			defaultConfigurationName = Release;
		};
		D95E3576219C576E00F567AA /* Build configuration list for PBXNativeTarget "PSCameraRecord" */ = {
			isa = XCConfigurationList;
			buildConfigurations = (
				D95E3577219C576E00F567AA /* Debug */,
				D95E3578219C576E00F567AA /* Release */,
			);
			defaultConfigurationIsVisible = 0;
			defaultConfigurationName = Release;
		};
		D95E3579219C576E00F567AA /* Build configuration list for PBXNativeTarget "PSCameraRecordTests" */ = {
			isa = XCConfigurationList;
			buildConfigurations = (
				D95E357A219C576E00F567AA /* Debug */,
				D95E357B219C576E00F567AA /* Release */,
			);
			defaultConfigurationIsVisible = 0;
			defaultConfigurationName = Release;
		};
		D95E357C219C576E00F567AA /* Build configuration list for PBXNativeTarget "PSCameraRecordUITests" */ = {
			isa = XCConfigurationList;
			buildConfigurations = (
				D95E357D219C576E00F567AA /* Debug */,
				D95E357E219C576E00F567AA /* Release */,
			);
			defaultConfigurationIsVisible = 0;
			defaultConfigurationName = Release;
		};
/* End XCConfigurationList section */
	};
	rootObject = D95E3542219C576D00F567AA /* Project object */;
}
