// !$*UTF8*$!
{
	archiveVersion = 1;
	classes = {
	};
	objectVersion = 50;
	objects = {

/* Begin PBXBuildFile section */
		D98C67FD2199AFFA00D64E77 /* AppDelegate.m in Sources */ = {isa = PBXBuildFile; fileRef = D98C67FC2199AFFA00D64E77 /* AppDelegate.m */; };
		D98C68002199AFFA00D64E77 /* ViewController.m in Sources */ = {isa = PBXBuildFile; fileRef = D98C67FF2199AFFA00D64E77 /* ViewController.m */; };
		D98C68032199AFFA00D64E77 /* Main.storyboard in Resources */ = {isa = PBXBuildFile; fileRef = D98C68012199AFFA00D64E77 /* Main.storyboard */; };
		D98C68052199AFFB00D64E77 /* Assets.xcassets in Resources */ = {isa = PBXBuildFile; fileRef = D98C68042199AFFB00D64E77 /* Assets.xcassets */; };
		D98C68082199AFFB00D64E77 /* LaunchScreen.storyboard in Resources */ = {isa = PBXBuildFile; fileRef = D98C68062199AFFB00D64E77 /* LaunchScreen.storyboard */; };
		D98C680B2199AFFB00D64E77 /* main.m in Sources */ = {isa = PBXBuildFile; fileRef = D98C680A2199AFFB00D64E77 /* main.m */; };
		D98C68152199AFFB00D64E77 /* PSVideoToolBoxEncodereTests.m in Sources */ = {isa = PBXBuildFile; fileRef = D98C68142199AFFB00D64E77 /* PSVideoToolBoxEncodereTests.m */; };
		D98C68202199AFFB00D64E77 /* PSVideoToolBoxEncodereUITests.m in Sources */ = {isa = PBXBuildFile; fileRef = D98C681F2199AFFB00D64E77 /* PSVideoToolBoxEncodereUITests.m */; };
		D98C682F2199B19600D64E77 /* VideoToolbox.framework in Frameworks */ = {isa = PBXBuildFile; fileRef = D98C682E2199B19600D64E77 /* VideoToolbox.framework */; };
		D98C68312199B1A700D64E77 /* OpenGLES.framework in Frameworks */ = {isa = PBXBuildFile; fileRef = D98C68302199B1A700D64E77 /* OpenGLES.framework */; };
		D98C68332199B1AE00D64E77 /* CoreMedia.framework in Frameworks */ = {isa = PBXBuildFile; fileRef = D98C68322199B1AE00D64E77 /* CoreMedia.framework */; };
		D98C68352199B1B600D64E77 /* QuartzCore.framework in Frameworks */ = {isa = PBXBuildFile; fileRef = D98C68342199B1B600D64E77 /* QuartzCore.framework */; };
		D98C68372199B1BF00D64E77 /* CoreGraphics.framework in Frameworks */ = {isa = PBXBuildFile; fileRef = D98C68362199B1BF00D64E77 /* CoreGraphics.framework */; };
		D98C68392199B1C600D64E77 /* Accelerate.framework in Frameworks */ = {isa = PBXBuildFile; fileRef = D98C68382199B1C600D64E77 /* Accelerate.framework */; };
		D98C688D2199B23100D64E77 /* libffmpeg.a in Frameworks */ = {isa = PBXBuildFile; fileRef = D98C688C2199B23100D64E77 /* libffmpeg.a */; };
/* End PBXBuildFile section */

/* Begin PBXContainerItemProxy section */
		D98C68112199AFFB00D64E77 /* PBXContainerItemProxy */ = {
			isa = PBXContainerItemProxy;
			containerPortal = D98C67F02199AFFA00D64E77 /* Project object */;
			proxyType = 1;
			remoteGlobalIDString = D98C67F72199AFFA00D64E77;
			remoteInfo = PSVideoToolBoxEncodere;
		};
		D98C681C2199AFFB00D64E77 /* PBXContainerItemProxy */ = {
			isa = PBXContainerItemProxy;
			containerPortal = D98C67F02199AFFA00D64E77 /* Project object */;
			proxyType = 1;
			remoteGlobalIDString = D98C67F72199AFFA00D64E77;
			remoteInfo = PSVideoToolBoxEncodere;
		};
/* End PBXContainerItemProxy section */

/* Begin PBXFileReference section */
		D98C67F82199AFFA00D64E77 /* PSVideoToolBoxEncodere.app */ = {isa = PBXFileReference; explicitFileType = wrapper.application; includeInIndex = 0; path = PSVideoToolBoxEncodere.app; sourceTree = BUILT_PRODUCTS_DIR; };
		D98C67FB2199AFFA00D64E77 /* AppDelegate.h */ = {isa = PBXFileReference; lastKnownFileType = sourcecode.c.h; path = AppDelegate.h; sourceTree = "<group>"; };
		D98C67FC2199AFFA00D64E77 /* AppDelegate.m */ = {isa = PBXFileReference; lastKnownFileType = sourcecode.c.objc; path = AppDelegate.m; sourceTree = "<group>"; };
		D98C67FE2199AFFA00D64E77 /* ViewController.h */ = {isa = PBXFileReference; lastKnownFileType = sourcecode.c.h; path = ViewController.h; sourceTree = "<group>"; };
		D98C67FF2199AFFA00D64E77 /* ViewController.m */ = {isa = PBXFileReference; lastKnownFileType = sourcecode.c.objc; path = ViewController.m; sourceTree = "<group>"; };
		D98C68022199AFFA00D64E77 /* Base */ = {isa = PBXFileReference; lastKnownFileType = file.storyboard; name = Base; path = Base.lproj/Main.storyboard; sourceTree = "<group>"; };
		D98C68042199AFFB00D64E77 /* Assets.xcassets */ = {isa = PBXFileReference; lastKnownFileType = folder.assetcatalog; path = Assets.xcassets; sourceTree = "<group>"; };
		D98C68072199AFFB00D64E77 /* Base */ = {isa = PBXFileReference; lastKnownFileType = file.storyboard; name = Base; path = Base.lproj/LaunchScreen.storyboard; sourceTree = "<group>"; };
		D98C68092199AFFB00D64E77 /* Info.plist */ = {isa = PBXFileReference; lastKnownFileType = text.plist.xml; path = Info.plist; sourceTree = "<group>"; };
		D98C680A2199AFFB00D64E77 /* main.m */ = {isa = PBXFileReference; lastKnownFileType = sourcecode.c.objc; path = main.m; sourceTree = "<group>"; };
		D98C68102199AFFB00D64E77 /* PSVideoToolBoxEncodereTests.xctest */ = {isa = PBXFileReference; explicitFileType = wrapper.cfbundle; includeInIndex = 0; path = PSVideoToolBoxEncodereTests.xctest; sourceTree = BUILT_PRODUCTS_DIR; };
		D98C68142199AFFB00D64E77 /* PSVideoToolBoxEncodereTests.m */ = {isa = PBXFileReference; lastKnownFileType = sourcecode.c.objc; path = PSVideoToolBoxEncodereTests.m; sourceTree = "<group>"; };
		D98C68162199AFFB00D64E77 /* Info.plist */ = {isa = PBXFileReference; lastKnownFileType = text.plist.xml; path = Info.plist; sourceTree = "<group>"; };
		D98C681B2199AFFB00D64E77 /* PSVideoToolBoxEncodereUITests.xctest */ = {isa = PBXFileReference; explicitFileType = wrapper.cfbundle; includeInIndex = 0; path = PSVideoToolBoxEncodereUITests.xctest; sourceTree = BUILT_PRODUCTS_DIR; };
		D98C681F2199AFFB00D64E77 /* PSVideoToolBoxEncodereUITests.m */ = {isa = PBXFileReference; lastKnownFileType = sourcecode.c.objc; path = PSVideoToolBoxEncodereUITests.m; sourceTree = "<group>"; };
		D98C68212199AFFB00D64E77 /* Info.plist */ = {isa = PBXFileReference; lastKnownFileType = text.plist.xml; path = Info.plist; sourceTree = "<group>"; };
		D98C682E2199B19600D64E77 /* VideoToolbox.framework */ = {isa = PBXFileReference; lastKnownFileType = wrapper.framework; name = VideoToolbox.framework; path = System/Library/Frameworks/VideoToolbox.framework; sourceTree = SDKROOT; };
		D98C68302199B1A700D64E77 /* OpenGLES.framework */ = {isa = PBXFileReference; lastKnownFileType = wrapper.framework; name = OpenGLES.framework; path = System/Library/Frameworks/OpenGLES.framework; sourceTree = SDKROOT; };
		D98C68322199B1AE00D64E77 /* CoreMedia.framework */ = {isa = PBXFileReference; lastKnownFileType = wrapper.framework; name = CoreMedia.framework; path = System/Library/Frameworks/CoreMedia.framework; sourceTree = SDKROOT; };
		D98C68342199B1B600D64E77 /* QuartzCore.framework */ = {isa = PBXFileReference; lastKnownFileType = wrapper.framework; name = QuartzCore.framework; path = System/Library/Frameworks/QuartzCore.framework; sourceTree = SDKROOT; };
		D98C68362199B1BF00D64E77 /* CoreGraphics.framework */ = {isa = PBXFileReference; lastKnownFileType = wrapper.framework; name = CoreGraphics.framework; path = System/Library/Frameworks/CoreGraphics.framework; sourceTree = SDKROOT; };
		D98C68382199B1C600D64E77 /* Accelerate.framework */ = {isa = PBXFileReference; lastKnownFileType = wrapper.framework; name = Accelerate.framework; path = System/Library/Frameworks/Accelerate.framework; sourceTree = SDKROOT; };
		D98C683D2199B23100D64E77 /* avcodec.h */ = {isa = PBXFileReference; fileEncoding = 4; lastKnownFileType = sourcecode.c.h; path = avcodec.h; sourceTree = "<group>"; };
		D98C683E2199B23100D64E77 /* version.h */ = {isa = PBXFileReference; fileEncoding = 4; lastKnownFileType = sourcecode.c.h; path = version.h; sourceTree = "<group>"; };
		D98C683F2199B23100D64E77 /* buffersrc.h */ = {isa = PBXFileReference; fileEncoding = 4; lastKnownFileType = sourcecode.c.h; path = buffersrc.h; sourceTree = "<group>"; };
		D98C68402199B23100D64E77 /* asrc_abuffer.h */ = {isa = PBXFileReference; fileEncoding = 4; lastKnownFileType = sourcecode.c.h; path = asrc_abuffer.h; sourceTree = "<group>"; };
		D98C68412199B23100D64E77 /* buffersink.h */ = {isa = PBXFileReference; fileEncoding = 4; lastKnownFileType = sourcecode.c.h; path = buffersink.h; sourceTree = "<group>"; };
		D98C68422199B23100D64E77 /* avfilter.h */ = {isa = PBXFileReference; fileEncoding = 4; lastKnownFileType = sourcecode.c.h; path = avfilter.h; sourceTree = "<group>"; };
		D98C68432199B23100D64E77 /* avfiltergraph.h */ = {isa = PBXFileReference; fileEncoding = 4; lastKnownFileType = sourcecode.c.h; path = avfiltergraph.h; sourceTree = "<group>"; };
		D98C68452199B23100D64E77 /* intfloat.h */ = {isa = PBXFileReference; fileEncoding = 4; lastKnownFileType = sourcecode.c.h; path = intfloat.h; sourceTree = "<group>"; };
		D98C68462199B23100D64E77 /* error.h */ = {isa = PBXFileReference; fileEncoding = 4; lastKnownFileType = sourcecode.c.h; path = error.h; sourceTree = "<group>"; };
		D98C68472199B23100D64E77 /* fifo.h */ = {isa = PBXFileReference; fileEncoding = 4; lastKnownFileType = sourcecode.c.h; path = fifo.h; sourceTree = "<group>"; };
		D98C68482199B23100D64E77 /* blowfish.h */ = {isa = PBXFileReference; fileEncoding = 4; lastKnownFileType = sourcecode.c.h; path = blowfish.h; sourceTree = "<group>"; };
		D98C68492199B23100D64E77 /* version.h */ = {isa = PBXFileReference; fileEncoding = 4; lastKnownFileType = sourcecode.c.h; path = version.h; sourceTree = "<group>"; };
		D98C684A2199B23100D64E77 /* murmur3.h */ = {isa = PBXFileReference; fileEncoding = 4; lastKnownFileType = sourcecode.c.h; path = murmur3.h; sourceTree = "<group>"; };
		D98C684B2199B23100D64E77 /* samplefmt.h */ = {isa = PBXFileReference; fileEncoding = 4; lastKnownFileType = sourcecode.c.h; path = samplefmt.h; sourceTree = "<group>"; };
		D98C684C2199B23100D64E77 /* pixdesc.h */ = {isa = PBXFileReference; fileEncoding = 4; lastKnownFileType = sourcecode.c.h; path = pixdesc.h; sourceTree = "<group>"; };
		D98C684D2199B23100D64E77 /* base64.h */ = {isa = PBXFileReference; fileEncoding = 4; lastKnownFileType = sourcecode.c.h; path = base64.h; sourceTree = "<group>"; };
		D98C684E2199B23100D64E77 /* rational.h */ = {isa = PBXFileReference; fileEncoding = 4; lastKnownFileType = sourcecode.c.h; path = rational.h; sourceTree = "<group>"; };
		D98C684F2199B23100D64E77 /* sha.h */ = {isa = PBXFileReference; fileEncoding = 4; lastKnownFileType = sourcecode.c.h; path = sha.h; sourceTree = "<group>"; };
		D98C68502199B23100D64E77 /* avconfig.h */ = {isa = PBXFileReference; fileEncoding = 4; lastKnownFileType = sourcecode.c.h; path = avconfig.h; sourceTree = "<group>"; };
		D98C68512199B23100D64E77 /* lfg.h */ = {isa = PBXFileReference; fileEncoding = 4; lastKnownFileType = sourcecode.c.h; path = lfg.h; sourceTree = "<group>"; };
		D98C68522199B23100D64E77 /* avutil.h */ = {isa = PBXFileReference; fileEncoding = 4; lastKnownFileType = sourcecode.c.h; path = avutil.h; sourceTree = "<group>"; };
		D98C68532199B23100D64E77 /* intfloat_readwrite.h */ = {isa = PBXFileReference; fileEncoding = 4; lastKnownFileType = sourcecode.c.h; path = intfloat_readwrite.h; sourceTree = "<group>"; };
		D98C68542199B23100D64E77 /* time_x.h */ = {isa = PBXFileReference; fileEncoding = 4; lastKnownFileType = sourcecode.c.h; path = time_x.h; sourceTree = "<group>"; };
		D98C68552199B23100D64E77 /* xtea.h */ = {isa = PBXFileReference; fileEncoding = 4; lastKnownFileType = sourcecode.c.h; path = xtea.h; sourceTree = "<group>"; };
		D98C68562199B23100D64E77 /* crc.h */ = {isa = PBXFileReference; fileEncoding = 4; lastKnownFileType = sourcecode.c.h; path = crc.h; sourceTree = "<group>"; };
		D98C68572199B23100D64E77 /* frame.h */ = {isa = PBXFileReference; fileEncoding = 4; lastKnownFileType = sourcecode.c.h; path = frame.h; sourceTree = "<group>"; };
		D98C68582199B23100D64E77 /* file.h */ = {isa = PBXFileReference; fileEncoding = 4; lastKnownFileType = sourcecode.c.h; path = file.h; sourceTree = "<group>"; };
		D98C68592199B23100D64E77 /* md5.h */ = {isa = PBXFileReference; fileEncoding = 4; lastKnownFileType = sourcecode.c.h; path = md5.h; sourceTree = "<group>"; };
		D98C685A2199B23100D64E77 /* audio_fifo.h */ = {isa = PBXFileReference; fileEncoding = 4; lastKnownFileType = sourcecode.c.h; path = audio_fifo.h; sourceTree = "<group>"; };
		D98C685B2199B23100D64E77 /* attributes.h */ = {isa = PBXFileReference; fileEncoding = 4; lastKnownFileType = sourcecode.c.h; path = attributes.h; sourceTree = "<group>"; };
		D98C685C2199B23100D64E77 /* adler32.h */ = {isa = PBXFileReference; fileEncoding = 4; lastKnownFileType = sourcecode.c.h; path = adler32.h; sourceTree = "<group>"; };
		D98C685D2199B23100D64E77 /* timecode.h */ = {isa = PBXFileReference; fileEncoding = 4; lastKnownFileType = sourcecode.c.h; path = timecode.h; sourceTree = "<group>"; };
		D98C685E2199B23100D64E77 /* sha512.h */ = {isa = PBXFileReference; fileEncoding = 4; lastKnownFileType = sourcecode.c.h; path = sha512.h; sourceTree = "<group>"; };
		D98C685F2199B23100D64E77 /* buffer.h */ = {isa = PBXFileReference; fileEncoding = 4; lastKnownFileType = sourcecode.c.h; path = buffer.h; sourceTree = "<group>"; };
		D98C68602199B23100D64E77 /* common.h */ = {isa = PBXFileReference; fileEncoding = 4; lastKnownFileType = sourcecode.c.h; path = common.h; sourceTree = "<group>"; };
		D98C68612199B23100D64E77 /* hmac.h */ = {isa = PBXFileReference; fileEncoding = 4; lastKnownFileType = sourcecode.c.h; path = hmac.h; sourceTree = "<group>"; };
		D98C68622199B23100D64E77 /* eval.h */ = {isa = PBXFileReference; fileEncoding = 4; lastKnownFileType = sourcecode.c.h; path = eval.h; sourceTree = "<group>"; };
		D98C68632199B23100D64E77 /* dict.h */ = {isa = PBXFileReference; fileEncoding = 4; lastKnownFileType = sourcecode.c.h; path = dict.h; sourceTree = "<group>"; };
		D98C68642199B23100D64E77 /* random_seed.h */ = {isa = PBXFileReference; fileEncoding = 4; lastKnownFileType = sourcecode.c.h; path = random_seed.h; sourceTree = "<group>"; };
		D98C68652199B23100D64E77 /* opt.h */ = {isa = PBXFileReference; fileEncoding = 4; lastKnownFileType = sourcecode.c.h; path = opt.h; sourceTree = "<group>"; };
		D98C68662199B23100D64E77 /* log.h */ = {isa = PBXFileReference; fileEncoding = 4; lastKnownFileType = sourcecode.c.h; path = log.h; sourceTree = "<group>"; };
		D98C68672199B23100D64E77 /* aes.h */ = {isa = PBXFileReference; fileEncoding = 4; lastKnownFileType = sourcecode.c.h; path = aes.h; sourceTree = "<group>"; };
		D98C68682199B23100D64E77 /* bswap.h */ = {isa = PBXFileReference; fileEncoding = 4; lastKnownFileType = sourcecode.c.h; path = bswap.h; sourceTree = "<group>"; };
		D98C68692199B23100D64E77 /* old_pix_fmts.h */ = {isa = PBXFileReference; fileEncoding = 4; lastKnownFileType = sourcecode.c.h; path = old_pix_fmts.h; sourceTree = "<group>"; };
		D98C686A2199B23100D64E77 /* cpu.h */ = {isa = PBXFileReference; fileEncoding = 4; lastKnownFileType = sourcecode.c.h; path = cpu.h; sourceTree = "<group>"; };
		D98C686B2199B23100D64E77 /* audioconvert.h */ = {isa = PBXFileReference; fileEncoding = 4; lastKnownFileType = sourcecode.c.h; path = audioconvert.h; sourceTree = "<group>"; };
		D98C686C2199B23100D64E77 /* channel_layout.h */ = {isa = PBXFileReference; fileEncoding = 4; lastKnownFileType = sourcecode.c.h; path = channel_layout.h; sourceTree = "<group>"; };
		D98C686D2199B23100D64E77 /* imgutils.h */ = {isa = PBXFileReference; fileEncoding = 4; lastKnownFileType = sourcecode.c.h; path = imgutils.h; sourceTree = "<group>"; };
		D98C686E2199B23100D64E77 /* mem.h */ = {isa = PBXFileReference; fileEncoding = 4; lastKnownFileType = sourcecode.c.h; path = mem.h; sourceTree = "<group>"; };
		D98C686F2199B23100D64E77 /* parseutils.h */ = {isa = PBXFileReference; fileEncoding = 4; lastKnownFileType = sourcecode.c.h; path = parseutils.h; sourceTree = "<group>"; };
		D98C68702199B23100D64E77 /* ripemd.h */ = {isa = PBXFileReference; fileEncoding = 4; lastKnownFileType = sourcecode.c.h; path = ripemd.h; sourceTree = "<group>"; };
		D98C68712199B23100D64E77 /* bprint.h */ = {isa = PBXFileReference; fileEncoding = 4; lastKnownFileType = sourcecode.c.h; path = bprint.h; sourceTree = "<group>"; };
		D98C68722199B23100D64E77 /* pixfmt.h */ = {isa = PBXFileReference; fileEncoding = 4; lastKnownFileType = sourcecode.c.h; path = pixfmt.h; sourceTree = "<group>"; };
		D98C68732199B23100D64E77 /* timestamp.h */ = {isa = PBXFileReference; fileEncoding = 4; lastKnownFileType = sourcecode.c.h; path = timestamp.h; sourceTree = "<group>"; };
		D98C68742199B23100D64E77 /* avassert.h */ = {isa = PBXFileReference; fileEncoding = 4; lastKnownFileType = sourcecode.c.h; path = avassert.h; sourceTree = "<group>"; };
		D98C68752199B23100D64E77 /* mathematics.h */ = {isa = PBXFileReference; fileEncoding = 4; lastKnownFileType = sourcecode.c.h; path = mathematics.h; sourceTree = "<group>"; };
		D98C68762199B23100D64E77 /* intreadwrite.h */ = {isa = PBXFileReference; fileEncoding = 4; lastKnownFileType = sourcecode.c.h; path = intreadwrite.h; sourceTree = "<group>"; };
		D98C68772199B23100D64E77 /* avstring.h */ = {isa = PBXFileReference; fileEncoding = 4; lastKnownFileType = sourcecode.c.h; path = avstring.h; sourceTree = "<group>"; };
		D98C68792199B23100D64E77 /* version.h */ = {isa = PBXFileReference; fileEncoding = 4; lastKnownFileType = sourcecode.c.h; path = version.h; sourceTree = "<group>"; };
		D98C687A2199B23100D64E77 /* avio.h */ = {isa = PBXFileReference; fileEncoding = 4; lastKnownFileType = sourcecode.c.h; path = avio.h; sourceTree = "<group>"; };
		D98C687B2199B23100D64E77 /* avformat.h */ = {isa = PBXFileReference; fileEncoding = 4; lastKnownFileType = sourcecode.c.h; path = avformat.h; sourceTree = "<group>"; };
		D98C687D2199B23100D64E77 /* version.h */ = {isa = PBXFileReference; fileEncoding = 4; lastKnownFileType = sourcecode.c.h; path = version.h; sourceTree = "<group>"; };
		D98C687E2199B23100D64E77 /* swscale.h */ = {isa = PBXFileReference; fileEncoding = 4; lastKnownFileType = sourcecode.c.h; path = swscale.h; sourceTree = "<group>"; };
		D98C68802199B23100D64E77 /* avcodec.h */ = {isa = PBXFileReference; fileEncoding = 4; lastKnownFileType = sourcecode.c.h; path = avcodec.h; sourceTree = "<group>"; };
		D98C68812199B23100D64E77 /* version.h */ = {isa = PBXFileReference; fileEncoding = 4; lastKnownFileType = sourcecode.c.h; path = version.h; sourceTree = "<group>"; };
		D98C68822199B23100D64E77 /* vdpau.h */ = {isa = PBXFileReference; fileEncoding = 4; lastKnownFileType = sourcecode.c.h; path = vdpau.h; sourceTree = "<group>"; };
		D98C68832199B23100D64E77 /* vaapi.h */ = {isa = PBXFileReference; fileEncoding = 4; lastKnownFileType = sourcecode.c.h; path = vaapi.h; sourceTree = "<group>"; };
		D98C68842199B23100D64E77 /* xvmc.h */ = {isa = PBXFileReference; fileEncoding = 4; lastKnownFileType = sourcecode.c.h; path = xvmc.h; sourceTree = "<group>"; };
		D98C68852199B23100D64E77 /* avfft.h */ = {isa = PBXFileReference; fileEncoding = 4; lastKnownFileType = sourcecode.c.h; path = avfft.h; sourceTree = "<group>"; };
		D98C68862199B23100D64E77 /* vda.h */ = {isa = PBXFileReference; fileEncoding = 4; lastKnownFileType = sourcecode.c.h; path = vda.h; sourceTree = "<group>"; };
		D98C68872199B23100D64E77 /* dxva2.h */ = {isa = PBXFileReference; fileEncoding = 4; lastKnownFileType = sourcecode.c.h; path = dxva2.h; sourceTree = "<group>"; };
		D98C68882199B23100D64E77 /* old_codec_ids.h */ = {isa = PBXFileReference; fileEncoding = 4; lastKnownFileType = sourcecode.c.h; path = old_codec_ids.h; sourceTree = "<group>"; };
		D98C688A2199B23100D64E77 /* version.h */ = {isa = PBXFileReference; fileEncoding = 4; lastKnownFileType = sourcecode.c.h; path = version.h; sourceTree = "<group>"; };
		D98C688B2199B23100D64E77 /* swresample.h */ = {isa = PBXFileReference; fileEncoding = 4; lastKnownFileType = sourcecode.c.h; path = swresample.h; sourceTree = "<group>"; };
		D98C688C2199B23100D64E77 /* libffmpeg.a */ = {isa = PBXFileReference; lastKnownFileType = archive.ar; path = libffmpeg.a; sourceTree = "<group>"; };
/* End PBXFileReference section */

/* Begin PBXFrameworksBuildPhase section */
		D98C67F52199AFFA00D64E77 /* Frameworks */ = {
			isa = PBXFrameworksBuildPhase;
			buildActionMask = 2147483647;
			files = (
				D98C68392199B1C600D64E77 /* Accelerate.framework in Frameworks */,
				D98C68372199B1BF00D64E77 /* CoreGraphics.framework in Frameworks */,
				D98C68352199B1B600D64E77 /* QuartzCore.framework in Frameworks */,
				D98C68332199B1AE00D64E77 /* CoreMedia.framework in Frameworks */,
				D98C68312199B1A700D64E77 /* OpenGLES.framework in Frameworks */,
				D98C688D2199B23100D64E77 /* libffmpeg.a in Frameworks */,
				D98C682F2199B19600D64E77 /* VideoToolbox.framework in Frameworks */,
			);
			runOnlyForDeploymentPostprocessing = 0;
		};
		D98C680D2199AFFB00D64E77 /* Frameworks */ = {
			isa = PBXFrameworksBuildPhase;
			buildActionMask = 2147483647;
			files = (
			);
			runOnlyForDeploymentPostprocessing = 0;
		};
		D98C68182199AFFB00D64E77 /* Frameworks */ = {
			isa = PBXFrameworksBuildPhase;
			buildActionMask = 2147483647;
			files = (
			);
			runOnlyForDeploymentPostprocessing = 0;
		};
/* End PBXFrameworksBuildPhase section */

/* Begin PBXGroup section */
		D98C67EF2199AFFA00D64E77 = {
			isa = PBXGroup;
			children = (
				D98C67FA2199AFFA00D64E77 /* PSVideoToolBoxEncodere */,
				D98C68132199AFFB00D64E77 /* PSVideoToolBoxEncodereTests */,
				D98C681E2199AFFB00D64E77 /* PSVideoToolBoxEncodereUITests */,
				D98C67F92199AFFA00D64E77 /* Products */,
				D98C682D2199B19500D64E77 /* Frameworks */,
			);
			sourceTree = "<group>";
		};
		D98C67F92199AFFA00D64E77 /* Products */ = {
			isa = PBXGroup;
			children = (
				D98C67F82199AFFA00D64E77 /* PSVideoToolBoxEncodere.app */,
				D98C68102199AFFB00D64E77 /* PSVideoToolBoxEncodereTests.xctest */,
				D98C681B2199AFFB00D64E77 /* PSVideoToolBoxEncodereUITests.xctest */,
			);
			name = Products;
			sourceTree = "<group>";
		};
		D98C67FA2199AFFA00D64E77 /* PSVideoToolBoxEncodere */ = {
			isa = PBXGroup;
			children = (
				D98C683A2199B23100D64E77 /* FFmpeg */,
				D98C67FB2199AFFA00D64E77 /* AppDelegate.h */,
				D98C67FC2199AFFA00D64E77 /* AppDelegate.m */,
				D98C67FE2199AFFA00D64E77 /* ViewController.h */,
				D98C67FF2199AFFA00D64E77 /* ViewController.m */,
				D98C68012199AFFA00D64E77 /* Main.storyboard */,
				D98C68042199AFFB00D64E77 /* Assets.xcassets */,
				D98C68062199AFFB00D64E77 /* LaunchScreen.storyboard */,
				D98C68092199AFFB00D64E77 /* Info.plist */,
				D98C680A2199AFFB00D64E77 /* main.m */,
			);
			path = PSVideoToolBoxEncodere;
			sourceTree = "<group>";
		};
		D98C68132199AFFB00D64E77 /* PSVideoToolBoxEncodereTests */ = {
			isa = PBXGroup;
			children = (
				D98C68142199AFFB00D64E77 /* PSVideoToolBoxEncodereTests.m */,
				D98C68162199AFFB00D64E77 /* Info.plist */,
			);
			path = PSVideoToolBoxEncodereTests;
			sourceTree = "<group>";
		};
		D98C681E2199AFFB00D64E77 /* PSVideoToolBoxEncodereUITests */ = {
			isa = PBXGroup;
			children = (
				D98C681F2199AFFB00D64E77 /* PSVideoToolBoxEncodereUITests.m */,
				D98C68212199AFFB00D64E77 /* Info.plist */,
			);
			path = PSVideoToolBoxEncodereUITests;
			sourceTree = "<group>";
		};
		D98C682D2199B19500D64E77 /* Frameworks */ = {
			isa = PBXGroup;
			children = (
				D98C68382199B1C600D64E77 /* Accelerate.framework */,
				D98C68362199B1BF00D64E77 /* CoreGraphics.framework */,
				D98C68342199B1B600D64E77 /* QuartzCore.framework */,
				D98C68322199B1AE00D64E77 /* CoreMedia.framework */,
				D98C68302199B1A700D64E77 /* OpenGLES.framework */,
				D98C682E2199B19600D64E77 /* VideoToolbox.framework */,
			);
			name = Frameworks;
			sourceTree = "<group>";
		};
		D98C683A2199B23100D64E77 /* FFmpeg */ = {
			isa = PBXGroup;
			children = (
				D98C683B2199B23100D64E77 /* include */,
				D98C688C2199B23100D64E77 /* libffmpeg.a */,
			);
			path = FFmpeg;
			sourceTree = "<group>";
		};
		D98C683B2199B23100D64E77 /* include */ = {
			isa = PBXGroup;
			children = (
				D98C683C2199B23100D64E77 /* libavfilter */,
				D98C68442199B23100D64E77 /* libavutil */,
				D98C68782199B23100D64E77 /* libavformat */,
				D98C687C2199B23100D64E77 /* libswscale */,
				D98C687F2199B23100D64E77 /* libavcodec */,
				D98C68892199B23100D64E77 /* libswresample */,
			);
			path = include;
			sourceTree = "<group>";
		};
		D98C683C2199B23100D64E77 /* libavfilter */ = {
			isa = PBXGroup;
			children = (
				D98C683D2199B23100D64E77 /* avcodec.h */,
				D98C683E2199B23100D64E77 /* version.h */,
				D98C683F2199B23100D64E77 /* buffersrc.h */,
				D98C68402199B23100D64E77 /* asrc_abuffer.h */,
				D98C68412199B23100D64E77 /* buffersink.h */,
				D98C68422199B23100D64E77 /* avfilter.h */,
				D98C68432199B23100D64E77 /* avfiltergraph.h */,
			);
			path = libavfilter;
			sourceTree = "<group>";
		};
		D98C68442199B23100D64E77 /* libavutil */ = {
			isa = PBXGroup;
			children = (
				D98C68452199B23100D64E77 /* intfloat.h */,
				D98C68462199B23100D64E77 /* error.h */,
				D98C68472199B23100D64E77 /* fifo.h */,
				D98C68482199B23100D64E77 /* blowfish.h */,
				D98C68492199B23100D64E77 /* version.h */,
				D98C684A2199B23100D64E77 /* murmur3.h */,
				D98C684B2199B23100D64E77 /* samplefmt.h */,
				D98C684C2199B23100D64E77 /* pixdesc.h */,
				D98C684D2199B23100D64E77 /* base64.h */,
				D98C684E2199B23100D64E77 /* rational.h */,
				D98C684F2199B23100D64E77 /* sha.h */,
				D98C68502199B23100D64E77 /* avconfig.h */,
				D98C68512199B23100D64E77 /* lfg.h */,
				D98C68522199B23100D64E77 /* avutil.h */,
				D98C68532199B23100D64E77 /* intfloat_readwrite.h */,
				D98C68542199B23100D64E77 /* time_x.h */,
				D98C68552199B23100D64E77 /* xtea.h */,
				D98C68562199B23100D64E77 /* crc.h */,
				D98C68572199B23100D64E77 /* frame.h */,
				D98C68582199B23100D64E77 /* file.h */,
				D98C68592199B23100D64E77 /* md5.h */,
				D98C685A2199B23100D64E77 /* audio_fifo.h */,
				D98C685B2199B23100D64E77 /* attributes.h */,
				D98C685C2199B23100D64E77 /* adler32.h */,
				D98C685D2199B23100D64E77 /* timecode.h */,
				D98C685E2199B23100D64E77 /* sha512.h */,
				D98C685F2199B23100D64E77 /* buffer.h */,
				D98C68602199B23100D64E77 /* common.h */,
				D98C68612199B23100D64E77 /* hmac.h */,
				D98C68622199B23100D64E77 /* eval.h */,
				D98C68632199B23100D64E77 /* dict.h */,
				D98C68642199B23100D64E77 /* random_seed.h */,
				D98C68652199B23100D64E77 /* opt.h */,
				D98C68662199B23100D64E77 /* log.h */,
				D98C68672199B23100D64E77 /* aes.h */,
				D98C68682199B23100D64E77 /* bswap.h */,
				D98C68692199B23100D64E77 /* old_pix_fmts.h */,
				D98C686A2199B23100D64E77 /* cpu.h */,
				D98C686B2199B23100D64E77 /* audioconvert.h */,
				D98C686C2199B23100D64E77 /* channel_layout.h */,
				D98C686D2199B23100D64E77 /* imgutils.h */,
				D98C686E2199B23100D64E77 /* mem.h */,
				D98C686F2199B23100D64E77 /* parseutils.h */,
				D98C68702199B23100D64E77 /* ripemd.h */,
				D98C68712199B23100D64E77 /* bprint.h */,
				D98C68722199B23100D64E77 /* pixfmt.h */,
				D98C68732199B23100D64E77 /* timestamp.h */,
				D98C68742199B23100D64E77 /* avassert.h */,
				D98C68752199B23100D64E77 /* mathematics.h */,
				D98C68762199B23100D64E77 /* intreadwrite.h */,
				D98C68772199B23100D64E77 /* avstring.h */,
			);
			path = libavutil;
			sourceTree = "<group>";
		};
		D98C68782199B23100D64E77 /* libavformat */ = {
			isa = PBXGroup;
			children = (
				D98C68792199B23100D64E77 /* version.h */,
				D98C687A2199B23100D64E77 /* avio.h */,
				D98C687B2199B23100D64E77 /* avformat.h */,
			);
			path = libavformat;
			sourceTree = "<group>";
		};
		D98C687C2199B23100D64E77 /* libswscale */ = {
			isa = PBXGroup;
			children = (
				D98C687D2199B23100D64E77 /* version.h */,
				D98C687E2199B23100D64E77 /* swscale.h */,
			);
			path = libswscale;
			sourceTree = "<group>";
		};
		D98C687F2199B23100D64E77 /* libavcodec */ = {
			isa = PBXGroup;
			children = (
				D98C68802199B23100D64E77 /* avcodec.h */,
				D98C68812199B23100D64E77 /* version.h */,
				D98C68822199B23100D64E77 /* vdpau.h */,
				D98C68832199B23100D64E77 /* vaapi.h */,
				D98C68842199B23100D64E77 /* xvmc.h */,
				D98C68852199B23100D64E77 /* avfft.h */,
				D98C68862199B23100D64E77 /* vda.h */,
				D98C68872199B23100D64E77 /* dxva2.h */,
				D98C68882199B23100D64E77 /* old_codec_ids.h */,
			);
			path = libavcodec;
			sourceTree = "<group>";
		};
		D98C68892199B23100D64E77 /* libswresample */ = {
			isa = PBXGroup;
			children = (
				D98C688A2199B23100D64E77 /* version.h */,
				D98C688B2199B23100D64E77 /* swresample.h */,
			);
			path = libswresample;
			sourceTree = "<group>";
		};
/* End PBXGroup section */

/* Begin PBXNativeTarget section */
		D98C67F72199AFFA00D64E77 /* PSVideoToolBoxEncodere */ = {
			isa = PBXNativeTarget;
			buildConfigurationList = D98C68242199AFFB00D64E77 /* Build configuration list for PBXNativeTarget "PSVideoToolBoxEncodere" */;
			buildPhases = (
				D98C67F42199AFFA00D64E77 /* Sources */,
				D98C67F52199AFFA00D64E77 /* Frameworks */,
				D98C67F62199AFFA00D64E77 /* Resources */,
			);
			buildRules = (
			);
			dependencies = (
			);
			name = PSVideoToolBoxEncodere;
			productName = PSVideoToolBoxEncodere;
			productReference = D98C67F82199AFFA00D64E77 /* PSVideoToolBoxEncodere.app */;
			productType = "com.apple.product-type.application";
		};
		D98C680F2199AFFB00D64E77 /* PSVideoToolBoxEncodereTests */ = {
			isa = PBXNativeTarget;
			buildConfigurationList = D98C68272199AFFB00D64E77 /* Build configuration list for PBXNativeTarget "PSVideoToolBoxEncodereTests" */;
			buildPhases = (
				D98C680C2199AFFB00D64E77 /* Sources */,
				D98C680D2199AFFB00D64E77 /* Frameworks */,
				D98C680E2199AFFB00D64E77 /* Resources */,
			);
			buildRules = (
			);
			dependencies = (
				D98C68122199AFFB00D64E77 /* PBXTargetDependency */,
			);
			name = PSVideoToolBoxEncodereTests;
			productName = PSVideoToolBoxEncodereTests;
			productReference = D98C68102199AFFB00D64E77 /* PSVideoToolBoxEncodereTests.xctest */;
			productType = "com.apple.product-type.bundle.unit-test";
		};
		D98C681A2199AFFB00D64E77 /* PSVideoToolBoxEncodereUITests */ = {
			isa = PBXNativeTarget;
			buildConfigurationList = D98C682A2199AFFB00D64E77 /* Build configuration list for PBXNativeTarget "PSVideoToolBoxEncodereUITests" */;
			buildPhases = (
				D98C68172199AFFB00D64E77 /* Sources */,
				D98C68182199AFFB00D64E77 /* Frameworks */,
				D98C68192199AFFB00D64E77 /* Resources */,
			);
			buildRules = (
			);
			dependencies = (
				D98C681D2199AFFB00D64E77 /* PBXTargetDependency */,
			);
			name = PSVideoToolBoxEncodereUITests;
			productName = PSVideoToolBoxEncodereUITests;
			productReference = D98C681B2199AFFB00D64E77 /* PSVideoToolBoxEncodereUITests.xctest */;
			productType = "com.apple.product-type.bundle.ui-testing";
		};
/* End PBXNativeTarget section */

/* Begin PBXProject section */
		D98C67F02199AFFA00D64E77 /* Project object */ = {
			isa = PBXProject;
			attributes = {
				LastUpgradeCheck = 1010;
				ORGANIZATIONNAME = "梁鹏帅";
				TargetAttributes = {
					D98C67F72199AFFA00D64E77 = {
						CreatedOnToolsVersion = 10.1;
					};
					D98C680F2199AFFB00D64E77 = {
						CreatedOnToolsVersion = 10.1;
						TestTargetID = D98C67F72199AFFA00D64E77;
					};
					D98C681A2199AFFB00D64E77 = {
						CreatedOnToolsVersion = 10.1;
						TestTargetID = D98C67F72199AFFA00D64E77;
					};
				};
			};
			buildConfigurationList = D98C67F32199AFFA00D64E77 /* Build configuration list for PBXProject "PSVideoToolBoxEncodere" */;
			compatibilityVersion = "Xcode 9.3";
			developmentRegion = en;
			hasScannedForEncodings = 0;
			knownRegions = (
				en,
				Base,
			);
			mainGroup = D98C67EF2199AFFA00D64E77;
			productRefGroup = D98C67F92199AFFA00D64E77 /* Products */;
			projectDirPath = "";
			projectRoot = "";
			targets = (
				D98C67F72199AFFA00D64E77 /* PSVideoToolBoxEncodere */,
				D98C680F2199AFFB00D64E77 /* PSVideoToolBoxEncodereTests */,
				D98C681A2199AFFB00D64E77 /* PSVideoToolBoxEncodereUITests */,
			);
		};
/* End PBXProject section */

/* Begin PBXResourcesBuildPhase section */
		D98C67F62199AFFA00D64E77 /* Resources */ = {
			isa = PBXResourcesBuildPhase;
			buildActionMask = 2147483647;
			files = (
				D98C68082199AFFB00D64E77 /* LaunchScreen.storyboard in Resources */,
				D98C68052199AFFB00D64E77 /* Assets.xcassets in Resources */,
				D98C68032199AFFA00D64E77 /* Main.storyboard in Resources */,
			);
			runOnlyForDeploymentPostprocessing = 0;
		};
		D98C680E2199AFFB00D64E77 /* Resources */ = {
			isa = PBXResourcesBuildPhase;
			buildActionMask = 2147483647;
			files = (
			);
			runOnlyForDeploymentPostprocessing = 0;
		};
		D98C68192199AFFB00D64E77 /* Resources */ = {
			isa = PBXResourcesBuildPhase;
			buildActionMask = 2147483647;
			files = (
			);
			runOnlyForDeploymentPostprocessing = 0;
		};
/* End PBXResourcesBuildPhase section */

/* Begin PBXSourcesBuildPhase section */
		D98C67F42199AFFA00D64E77 /* Sources */ = {
			isa = PBXSourcesBuildPhase;
			buildActionMask = 2147483647;
			files = (
				D98C68002199AFFA00D64E77 /* ViewController.m in Sources */,
				D98C680B2199AFFB00D64E77 /* main.m in Sources */,
				D98C67FD2199AFFA00D64E77 /* AppDelegate.m in Sources */,
			);
			runOnlyForDeploymentPostprocessing = 0;
		};
		D98C680C2199AFFB00D64E77 /* Sources */ = {
			isa = PBXSourcesBuildPhase;
			buildActionMask = 2147483647;
			files = (
				D98C68152199AFFB00D64E77 /* PSVideoToolBoxEncodereTests.m in Sources */,
			);
			runOnlyForDeploymentPostprocessing = 0;
		};
		D98C68172199AFFB00D64E77 /* Sources */ = {
			isa = PBXSourcesBuildPhase;
			buildActionMask = 2147483647;
			files = (
				D98C68202199AFFB00D64E77 /* PSVideoToolBoxEncodereUITests.m in Sources */,
			);
			runOnlyForDeploymentPostprocessing = 0;
		};
/* End PBXSourcesBuildPhase section */

/* Begin PBXTargetDependency section */
		D98C68122199AFFB00D64E77 /* PBXTargetDependency */ = {
			isa = PBXTargetDependency;
			target = D98C67F72199AFFA00D64E77 /* PSVideoToolBoxEncodere */;
			targetProxy = D98C68112199AFFB00D64E77 /* PBXContainerItemProxy */;
		};
		D98C681D2199AFFB00D64E77 /* PBXTargetDependency */ = {
			isa = PBXTargetDependency;
			target = D98C67F72199AFFA00D64E77 /* PSVideoToolBoxEncodere */;
			targetProxy = D98C681C2199AFFB00D64E77 /* PBXContainerItemProxy */;
		};
/* End PBXTargetDependency section */

/* Begin PBXVariantGroup section */
		D98C68012199AFFA00D64E77 /* Main.storyboard */ = {
			isa = PBXVariantGroup;
			children = (
				D98C68022199AFFA00D64E77 /* Base */,
			);
			name = Main.storyboard;
			sourceTree = "<group>";
		};
		D98C68062199AFFB00D64E77 /* LaunchScreen.storyboard */ = {
			isa = PBXVariantGroup;
			children = (
				D98C68072199AFFB00D64E77 /* Base */,
			);
			name = LaunchScreen.storyboard;
			sourceTree = "<group>";
		};
/* End PBXVariantGroup section */

/* Begin XCBuildConfiguration section */
		D98C68222199AFFB00D64E77 /* Debug */ = {
			isa = XCBuildConfiguration;
			buildSettings = {
				ALWAYS_SEARCH_USER_PATHS = NO;
				CLANG_ANALYZER_NONNULL = YES;
				CLANG_ANALYZER_NUMBER_OBJECT_CONVERSION = YES_AGGRESSIVE;
				CLANG_CXX_LANGUAGE_STANDARD = "gnu++14";
				CLANG_CXX_LIBRARY = "libc++";
				CLANG_ENABLE_MODULES = YES;
				CLANG_ENABLE_OBJC_ARC = YES;
				CLANG_ENABLE_OBJC_WEAK = YES;
				CLANG_WARN_BLOCK_CAPTURE_AUTORELEASING = YES;
				CLANG_WARN_BOOL_CONVERSION = YES;
				CLANG_WARN_COMMA = YES;
				CLANG_WARN_CONSTANT_CONVERSION = YES;
				CLANG_WARN_DEPRECATED_OBJC_IMPLEMENTATIONS = YES;
				CLANG_WARN_DIRECT_OBJC_ISA_USAGE = YES_ERROR;
				CLANG_WARN_DOCUMENTATION_COMMENTS = YES;
				CLANG_WARN_EMPTY_BODY = YES;
				CLANG_WARN_ENUM_CONVERSION = YES;
				CLANG_WARN_INFINITE_RECURSION = YES;
				CLANG_WARN_INT_CONVERSION = YES;
				CLANG_WARN_NON_LITERAL_NULL_CONVERSION = YES;
				CLANG_WARN_OBJC_IMPLICIT_RETAIN_SELF = YES;
				CLANG_WARN_OBJC_LITERAL_CONVERSION = YES;
				CLANG_WARN_OBJC_ROOT_CLASS = YES_ERROR;
				CLANG_WARN_RANGE_LOOP_ANALYSIS = YES;
				CLANG_WARN_STRICT_PROTOTYPES = YES;
				CLANG_WARN_SUSPICIOUS_MOVE = YES;
				CLANG_WARN_UNGUARDED_AVAILABILITY = YES_AGGRESSIVE;
				CLANG_WARN_UNREACHABLE_CODE = YES;
				CLANG_WARN__DUPLICATE_METHOD_MATCH = YES;
				CODE_SIGN_IDENTITY = "iPhone Developer";
				COPY_PHASE_STRIP = NO;
				DEBUG_INFORMATION_FORMAT = dwarf;
				ENABLE_STRICT_OBJC_MSGSEND = YES;
				ENABLE_TESTABILITY = YES;
				GCC_C_LANGUAGE_STANDARD = gnu11;
				GCC_DYNAMIC_NO_PIC = NO;
				GCC_NO_COMMON_BLOCKS = YES;
				GCC_OPTIMIZATION_LEVEL = 0;
				GCC_PREPROCESSOR_DEFINITIONS = (
					"DEBUG=1",
					"$(inherited)",
				);
				GCC_WARN_64_TO_32_BIT_CONVERSION = YES;
				GCC_WARN_ABOUT_RETURN_TYPE = YES_ERROR;
				GCC_WARN_UNDECLARED_SELECTOR = YES;
				GCC_WARN_UNINITIALIZED_AUTOS = YES_AGGRESSIVE;
				GCC_WARN_UNUSED_FUNCTION = YES;
				GCC_WARN_UNUSED_VARIABLE = YES;
				IPHONEOS_DEPLOYMENT_TARGET = 12.1;
				MTL_ENABLE_DEBUG_INFO = INCLUDE_SOURCE;
				MTL_FAST_MATH = YES;
				ONLY_ACTIVE_ARCH = YES;
				SDKROOT = iphoneos;
			};
			name = Debug;
		};
		D98C68232199AFFB00D64E77 /* Release */ = {
			isa = XCBuildConfiguration;
			buildSettings = {
				ALWAYS_SEARCH_USER_PATHS = NO;
				CLANG_ANALYZER_NONNULL = YES;
				CLANG_ANALYZER_NUMBER_OBJECT_CONVERSION = YES_AGGRESSIVE;
				CLANG_CXX_LANGUAGE_STANDARD = "gnu++14";
				CLANG_CXX_LIBRARY = "libc++";
				CLANG_ENABLE_MODULES = YES;
				CLANG_ENABLE_OBJC_ARC = YES;
				CLANG_ENABLE_OBJC_WEAK = YES;
				CLANG_WARN_BLOCK_CAPTURE_AUTORELEASING = YES;
				CLANG_WARN_BOOL_CONVERSION = YES;
				CLANG_WARN_COMMA = YES;
				CLANG_WARN_CONSTANT_CONVERSION = YES;
				CLANG_WARN_DEPRECATED_OBJC_IMPLEMENTATIONS = YES;
				CLANG_WARN_DIRECT_OBJC_ISA_USAGE = YES_ERROR;
				CLANG_WARN_DOCUMENTATION_COMMENTS = YES;
				CLANG_WARN_EMPTY_BODY = YES;
				CLANG_WARN_ENUM_CONVERSION = YES;
				CLANG_WARN_INFINITE_RECURSION = YES;
				CLANG_WARN_INT_CONVERSION = YES;
				CLANG_WARN_NON_LITERAL_NULL_CONVERSION = YES;
				CLANG_WARN_OBJC_IMPLICIT_RETAIN_SELF = YES;
				CLANG_WARN_OBJC_LITERAL_CONVERSION = YES;
				CLANG_WARN_OBJC_ROOT_CLASS = YES_ERROR;
				CLANG_WARN_RANGE_LOOP_ANALYSIS = YES;
				CLANG_WARN_STRICT_PROTOTYPES = YES;
				CLANG_WARN_SUSPICIOUS_MOVE = YES;
				CLANG_WARN_UNGUARDED_AVAILABILITY = YES_AGGRESSIVE;
				CLANG_WARN_UNREACHABLE_CODE = YES;
				CLANG_WARN__DUPLICATE_METHOD_MATCH = YES;
				CODE_SIGN_IDENTITY = "iPhone Developer";
				COPY_PHASE_STRIP = NO;
				DEBUG_INFORMATION_FORMAT = "dwarf-with-dsym";
				ENABLE_NS_ASSERTIONS = NO;
				ENABLE_STRICT_OBJC_MSGSEND = YES;
				GCC_C_LANGUAGE_STANDARD = gnu11;
				GCC_NO_COMMON_BLOCKS = YES;
				GCC_WARN_64_TO_32_BIT_CONVERSION = YES;
				GCC_WARN_ABOUT_RETURN_TYPE = YES_ERROR;
				GCC_WARN_UNDECLARED_SELECTOR = YES;
				GCC_WARN_UNINITIALIZED_AUTOS = YES_AGGRESSIVE;
				GCC_WARN_UNUSED_FUNCTION = YES;
				GCC_WARN_UNUSED_VARIABLE = YES;
				IPHONEOS_DEPLOYMENT_TARGET = 12.1;
				MTL_ENABLE_DEBUG_INFO = NO;
				MTL_FAST_MATH = YES;
				SDKROOT = iphoneos;
				VALIDATE_PRODUCT = YES;
			};
			name = Release;
		};
		D98C68252199AFFB00D64E77 /* Debug */ = {
			isa = XCBuildConfiguration;
			buildSettings = {
				ASSETCATALOG_COMPILER_APPICON_NAME = AppIcon;
				CODE_SIGN_STYLE = Automatic;
				DEVELOPMENT_TEAM = G8RG7Y36J8;
				INFOPLIST_FILE = PSVideoToolBoxEncodere/Info.plist;
				IPHONEOS_DEPLOYMENT_TARGET = 10;
				LD_RUNPATH_SEARCH_PATHS = (
					"$(inherited)",
					"@executable_path/Frameworks",
				);
				LIBRARY_SEARCH_PATHS = (
					"$(inherited)",
					"$(PROJECT_DIR)/PSVideoToolBoxEncodere/FFmpeg",
				);
				PRODUCT_BUNDLE_IDENTIFIER = pengshuai.PSVideoToolBoxEncodere;
				PRODUCT_NAME = "$(TARGET_NAME)";
				TARGETED_DEVICE_FAMILY = "1,2";
			};
			name = Debug;
		};
		D98C68262199AFFB00D64E77 /* Release */ = {
			isa = XCBuildConfiguration;
			buildSettings = {
				ASSETCATALOG_COMPILER_APPICON_NAME = AppIcon;
				CODE_SIGN_STYLE = Automatic;
				DEVELOPMENT_TEAM = G8RG7Y36J8;
				INFOPLIST_FILE = PSVideoToolBoxEncodere/Info.plist;
				IPHONEOS_DEPLOYMENT_TARGET = 10;
				LD_RUNPATH_SEARCH_PATHS = (
					"$(inherited)",
					"@executable_path/Frameworks",
				);
				LIBRARY_SEARCH_PATHS = (
					"$(inherited)",
					"$(PROJECT_DIR)/PSVideoToolBoxEncodere/FFmpeg",
				);
				PRODUCT_BUNDLE_IDENTIFIER = pengshuai.PSVideoToolBoxEncodere;
				PRODUCT_NAME = "$(TARGET_NAME)";
				TARGETED_DEVICE_FAMILY = "1,2";
			};
			name = Release;
		};
		D98C68282199AFFB00D64E77 /* Debug */ = {
			isa = XCBuildConfiguration;
			buildSettings = {
				BUNDLE_LOADER = "$(TEST_HOST)";
				CODE_SIGN_STYLE = Automatic;
				DEVELOPMENT_TEAM = G8RG7Y36J8;
				INFOPLIST_FILE = PSVideoToolBoxEncodereTests/Info.plist;
				LD_RUNPATH_SEARCH_PATHS = (
					"$(inherited)",
					"@executable_path/Frameworks",
					"@loader_path/Frameworks",
				);
				PRODUCT_BUNDLE_IDENTIFIER = pengshuai.PSVideoToolBoxEncodereTests;
				PRODUCT_NAME = "$(TARGET_NAME)";
				TARGETED_DEVICE_FAMILY = "1,2";
				TEST_HOST = "$(BUILT_PRODUCTS_DIR)/PSVideoToolBoxEncodere.app/PSVideoToolBoxEncodere";
			};
			name = Debug;
		};
		D98C68292199AFFB00D64E77 /* Release */ = {
			isa = XCBuildConfiguration;
			buildSettings = {
				BUNDLE_LOADER = "$(TEST_HOST)";
				CODE_SIGN_STYLE = Automatic;
				DEVELOPMENT_TEAM = G8RG7Y36J8;
				INFOPLIST_FILE = PSVideoToolBoxEncodereTests/Info.plist;
				LD_RUNPATH_SEARCH_PATHS = (
					"$(inherited)",
					"@executable_path/Frameworks",
					"@loader_path/Frameworks",
				);
				PRODUCT_BUNDLE_IDENTIFIER = pengshuai.PSVideoToolBoxEncodereTests;
				PRODUCT_NAME = "$(TARGET_NAME)";
				TARGETED_DEVICE_FAMILY = "1,2";
				TEST_HOST = "$(BUILT_PRODUCTS_DIR)/PSVideoToolBoxEncodere.app/PSVideoToolBoxEncodere";
			};
			name = Release;
		};
		D98C682B2199AFFB00D64E77 /* Debug */ = {
			isa = XCBuildConfiguration;
			buildSettings = {
				CODE_SIGN_STYLE = Automatic;
				DEVELOPMENT_TEAM = G8RG7Y36J8;
				INFOPLIST_FILE = PSVideoToolBoxEncodereUITests/Info.plist;
				LD_RUNPATH_SEARCH_PATHS = (
					"$(inherited)",
					"@executable_path/Frameworks",
					"@loader_path/Frameworks",
				);
				PRODUCT_BUNDLE_IDENTIFIER = pengshuai.PSVideoToolBoxEncodereUITests;
				PRODUCT_NAME = "$(TARGET_NAME)";
				TARGETED_DEVICE_FAMILY = "1,2";
				TEST_TARGET_NAME = PSVideoToolBoxEncodere;
			};
			name = Debug;
		};
		D98C682C2199AFFB00D64E77 /* Release */ = {
			isa = XCBuildConfiguration;
			buildSettings = {
				CODE_SIGN_STYLE = Automatic;
				DEVELOPMENT_TEAM = G8RG7Y36J8;
				INFOPLIST_FILE = PSVideoToolBoxEncodereUITests/Info.plist;
				LD_RUNPATH_SEARCH_PATHS = (
					"$(inherited)",
					"@executable_path/Frameworks",
					"@loader_path/Frameworks",
				);
				PRODUCT_BUNDLE_IDENTIFIER = pengshuai.PSVideoToolBoxEncodereUITests;
				PRODUCT_NAME = "$(TARGET_NAME)";
				TARGETED_DEVICE_FAMILY = "1,2";
				TEST_TARGET_NAME = PSVideoToolBoxEncodere;
			};
			name = Release;
		};
/* End XCBuildConfiguration section */

/* Begin XCConfigurationList section */
		D98C67F32199AFFA00D64E77 /* Build configuration list for PBXProject "PSVideoToolBoxEncodere" */ = {
			isa = XCConfigurationList;
			buildConfigurations = (
				D98C68222199AFFB00D64E77 /* Debug */,
				D98C68232199AFFB00D64E77 /* Release */,
			);
			defaultConfigurationIsVisible = 0;
			defaultConfigurationName = Release;
		};
		D98C68242199AFFB00D64E77 /* Build configuration list for PBXNativeTarget "PSVideoToolBoxEncodere" */ = {
			isa = XCConfigurationList;
			buildConfigurations = (
				D98C68252199AFFB00D64E77 /* Debug */,
				D98C68262199AFFB00D64E77 /* Release */,
			);
			defaultConfigurationIsVisible = 0;
			defaultConfigurationName = Release;
		};
		D98C68272199AFFB00D64E77 /* Build configuration list for PBXNativeTarget "PSVideoToolBoxEncodereTests" */ = {
			isa = XCConfigurationList;
			buildConfigurations = (
				D98C68282199AFFB00D64E77 /* Debug */,
				D98C68292199AFFB00D64E77 /* Release */,
			);
			defaultConfigurationIsVisible = 0;
			defaultConfigurationName = Release;
		};
		D98C682A2199AFFB00D64E77 /* Build configuration list for PBXNativeTarget "PSVideoToolBoxEncodereUITests" */ = {
			isa = XCConfigurationList;
			buildConfigurations = (
				D98C682B2199AFFB00D64E77 /* Debug */,
				D98C682C2199AFFB00D64E77 /* Release */,
			);
			defaultConfigurationIsVisible = 0;
			defaultConfigurationName = Release;
		};
/* End XCConfigurationList section */
	};
	rootObject = D98C67F02199AFFA00D64E77 /* Project object */;
}
