// !$*UTF8*$!
{
	archiveVersion = 1;
	classes = {
	};
	objectVersion = 50;
	objects = {

/* Begin PBXBuildFile section */
		D95E34A42199B49300F567AA /* AppDelegate.m in Sources */ = {isa = PBXBuildFile; fileRef = D95E34A32199B49300F567AA /* AppDelegate.m */; };
		D95E34A72199B49300F567AA /* ViewController.mm in Sources */ = {isa = PBXBuildFile; fileRef = D95E34A62199B49300F567AA /* ViewController.mm */; };
		D95E34AA2199B49300F567AA /* Main.storyboard in Resources */ = {isa = PBXBuildFile; fileRef = D95E34A82199B49300F567AA /* Main.storyboard */; };
		D95E34AC2199B49400F567AA /* Assets.xcassets in Resources */ = {isa = PBXBuildFile; fileRef = D95E34AB2199B49400F567AA /* Assets.xcassets */; };
		D95E34AF2199B49400F567AA /* LaunchScreen.storyboard in Resources */ = {isa = PBXBuildFile; fileRef = D95E34AD2199B49400F567AA /* LaunchScreen.storyboard */; };
		D95E34B22199B49400F567AA /* main.m in Sources */ = {isa = PBXBuildFile; fileRef = D95E34B12199B49400F567AA /* main.m */; };
		D95E34BC2199B49400F567AA /* PSOpenGL_RenderTests.m in Sources */ = {isa = PBXBuildFile; fileRef = D95E34BB2199B49400F567AA /* PSOpenGL_RenderTests.m */; };
		D95E34C72199B49400F567AA /* PSOpenGL_RenderUITests.m in Sources */ = {isa = PBXBuildFile; fileRef = D95E34C62199B49400F567AA /* PSOpenGL_RenderUITests.m */; };
		D95E34DB219AAB9800F567AA /* PSOpenGLRenderView.mm in Sources */ = {isa = PBXBuildFile; fileRef = D95E34DA219AAB9800F567AA /* PSOpenGLRenderView.mm */; };
		D95E34DE219AABAD00F567AA /* OpenGLES.framework in Frameworks */ = {isa = PBXBuildFile; fileRef = D95E34DD219AABAD00F567AA /* OpenGLES.framework */; };
		D95E3510219ACEA800F567AA /* libpng-config.in in Resources */ = {isa = PBXBuildFile; fileRef = D95E34E3219ACEA800F567AA /* libpng-config.in */; };
		D95E3511219ACEA800F567AA /* pngrio.c in Sources */ = {isa = PBXBuildFile; fileRef = D95E34E4219ACEA800F567AA /* pngrio.c */; };
		D95E3512219ACEA800F567AA /* pngerror.c in Sources */ = {isa = PBXBuildFile; fileRef = D95E34E5219ACEA800F567AA /* pngerror.c */; };
		D95E3513219ACEA800F567AA /* INSTALL in Resources */ = {isa = PBXBuildFile; fileRef = D95E34E6219ACEA800F567AA /* INSTALL */; };
		D95E3514219ACEA800F567AA /* ANNOUNCE in Resources */ = {isa = PBXBuildFile; fileRef = D95E34E7219ACEA800F567AA /* ANNOUNCE */; };
		D95E3515219ACEA800F567AA /* CMakeLists.txt in Resources */ = {isa = PBXBuildFile; fileRef = D95E34E8219ACEA800F567AA /* CMakeLists.txt */; };
		D95E3516219ACEA800F567AA /* pngwio.c in Sources */ = {isa = PBXBuildFile; fileRef = D95E34E9219ACEA800F567AA /* pngwio.c */; };
		D95E3517219ACEA800F567AA /* LICENSE in Resources */ = {isa = PBXBuildFile; fileRef = D95E34EB219ACEA800F567AA /* LICENSE */; };
		D95E3518219ACEA800F567AA /* libpng.pc.in in Resources */ = {isa = PBXBuildFile; fileRef = D95E34EC219ACEA800F567AA /* libpng.pc.in */; };
		D95E3519219ACEA800F567AA /* pngtrans.c in Sources */ = {isa = PBXBuildFile; fileRef = D95E34ED219ACEA800F567AA /* pngtrans.c */; };
		D95E351A219ACEA800F567AA /* configure in Resources */ = {isa = PBXBuildFile; fileRef = D95E34EE219ACEA800F567AA /* configure */; };
		D95E351B219ACEA800F567AA /* pngnow.png in Resources */ = {isa = PBXBuildFile; fileRef = D95E34F0219ACEA800F567AA /* pngnow.png */; };
		D95E351C219ACEA800F567AA /* CHANGES in Resources */ = {isa = PBXBuildFile; fileRef = D95E34F1219ACEA800F567AA /* CHANGES */; };
		D95E351D219ACEA800F567AA /* pngbar.jpg in Resources */ = {isa = PBXBuildFile; fileRef = D95E34F2219ACEA800F567AA /* pngbar.jpg */; };
		D95E351E219ACEA800F567AA /* pngbar.png in Resources */ = {isa = PBXBuildFile; fileRef = D95E34F3219ACEA800F567AA /* pngbar.png */; };
		D95E351F219ACEA800F567AA /* pngwrite.c in Sources */ = {isa = PBXBuildFile; fileRef = D95E34F4219ACEA800F567AA /* pngwrite.c */; };
		D95E3520219ACEA800F567AA /* image.c in Sources */ = {isa = PBXBuildFile; fileRef = D95E34F6219ACEA800F567AA /* image.c */; };
		D95E3521219ACEA800F567AA /* README in Resources */ = {isa = PBXBuildFile; fileRef = D95E34F7219ACEA800F567AA /* README */; };
		D95E3522219ACEA800F567AA /* pngwutil.c in Sources */ = {isa = PBXBuildFile; fileRef = D95E34F8219ACEA800F567AA /* pngwutil.c */; };
		D95E3523219ACEA800F567AA /* TODO in Resources */ = {isa = PBXBuildFile; fileRef = D95E34F9219ACEA800F567AA /* TODO */; };
		D95E3524219ACEA800F567AA /* pngwtran.c in Sources */ = {isa = PBXBuildFile; fileRef = D95E34FA219ACEA800F567AA /* pngwtran.c */; };
		D95E3525219ACEA800F567AA /* example.c in Sources */ = {isa = PBXBuildFile; fileRef = D95E34FB219ACEA800F567AA /* example.c */; };
		D95E3526219ACEA800F567AA /* png_decoder.cpp in Sources */ = {isa = PBXBuildFile; fileRef = D95E34FD219ACEA800F567AA /* png_decoder.cpp */; };
		D95E3527219ACEA800F567AA /* pngpread.c in Sources */ = {isa = PBXBuildFile; fileRef = D95E34FF219ACEA800F567AA /* pngpread.c */; };
		D95E3528219ACEA800F567AA /* pngread.c in Sources */ = {isa = PBXBuildFile; fileRef = D95E3501219ACEA800F567AA /* pngread.c */; };
		D95E3529219ACEA800F567AA /* libpng.3 in Resources */ = {isa = PBXBuildFile; fileRef = D95E3502219ACEA800F567AA /* libpng.3 */; };
		D95E352A219ACEA800F567AA /* libpngpf.3 in Resources */ = {isa = PBXBuildFile; fileRef = D95E3503219ACEA800F567AA /* libpngpf.3 */; };
		D95E352B219ACEA800F567AA /* pngtest.png in Resources */ = {isa = PBXBuildFile; fileRef = D95E3504219ACEA800F567AA /* pngtest.png */; };
		D95E352C219ACEA800F567AA /* pngmem.c in Sources */ = {isa = PBXBuildFile; fileRef = D95E3505219ACEA800F567AA /* pngmem.c */; };
		D95E352D219ACEA800F567AA /* pngget.c in Sources */ = {isa = PBXBuildFile; fileRef = D95E3506219ACEA800F567AA /* pngget.c */; };
		D95E352E219ACEA800F567AA /* png.c in Sources */ = {isa = PBXBuildFile; fileRef = D95E3508219ACEA800F567AA /* png.c */; };
		D95E352F219ACEA800F567AA /* pngrtran.c in Sources */ = {isa = PBXBuildFile; fileRef = D95E3509219ACEA800F567AA /* pngrtran.c */; };
		D95E3530219ACEA800F567AA /* pngrutil.c in Sources */ = {isa = PBXBuildFile; fileRef = D95E350A219ACEA800F567AA /* pngrutil.c */; };
		D95E3531219ACEA800F567AA /* libpng-manual.txt in Resources */ = {isa = PBXBuildFile; fileRef = D95E350B219ACEA800F567AA /* libpng-manual.txt */; };
		D95E3532219ACEA800F567AA /* pngset.c in Sources */ = {isa = PBXBuildFile; fileRef = D95E350D219ACEA800F567AA /* pngset.c */; };
		D95E3533219ACEA800F567AA /* png.5 in Resources */ = {isa = PBXBuildFile; fileRef = D95E350E219ACEA800F567AA /* png.5 */; };
		D95E3534219ACEA800F567AA /* 1.png in Resources */ = {isa = PBXBuildFile; fileRef = D95E350F219ACEA800F567AA /* 1.png */; };
		D95E3537219ACF3800F567AA /* rgba_frame.cpp in Sources */ = {isa = PBXBuildFile; fileRef = D95E3535219ACF3800F567AA /* rgba_frame.cpp */; };
		D95E353B219AD39A00F567AA /* CommonUtil.m in Sources */ = {isa = PBXBuildFile; fileRef = D95E3539219AD39A00F567AA /* CommonUtil.m */; };
		D95E3540219BCB3700F567AA /* PSTextureRender.mm in Sources */ = {isa = PBXBuildFile; fileRef = D95E353F219BCB3700F567AA /* PSTextureRender.mm */; };
/* End PBXBuildFile section */

/* Begin PBXContainerItemProxy section */
		D95E34B82199B49400F567AA /* PBXContainerItemProxy */ = {
			isa = PBXContainerItemProxy;
			containerPortal = D95E34972199B49300F567AA /* Project object */;
			proxyType = 1;
			remoteGlobalIDString = D95E349E2199B49300F567AA;
			remoteInfo = PSOpenGL_Render;
		};
		D95E34C32199B49400F567AA /* PBXContainerItemProxy */ = {
			isa = PBXContainerItemProxy;
			containerPortal = D95E34972199B49300F567AA /* Project object */;
			proxyType = 1;
			remoteGlobalIDString = D95E349E2199B49300F567AA;
			remoteInfo = PSOpenGL_Render;
		};
/* End PBXContainerItemProxy section */

/* Begin PBXFileReference section */
		D95E349F2199B49300F567AA /* PSOpenGL_Render.app */ = {isa = PBXFileReference; explicitFileType = wrapper.application; includeInIndex = 0; path = PSOpenGL_Render.app; sourceTree = BUILT_PRODUCTS_DIR; };
		D95E34A22199B49300F567AA /* AppDelegate.h */ = {isa = PBXFileReference; lastKnownFileType = sourcecode.c.h; path = AppDelegate.h; sourceTree = "<group>"; };
		D95E34A32199B49300F567AA /* AppDelegate.m */ = {isa = PBXFileReference; lastKnownFileType = sourcecode.c.objc; path = AppDelegate.m; sourceTree = "<group>"; };
		D95E34A52199B49300F567AA /* ViewController.h */ = {isa = PBXFileReference; lastKnownFileType = sourcecode.c.h; path = ViewController.h; sourceTree = "<group>"; };
		D95E34A62199B49300F567AA /* ViewController.mm */ = {isa = PBXFileReference; lastKnownFileType = sourcecode.cpp.objcpp; path = ViewController.mm; sourceTree = "<group>"; };
		D95E34A92199B49300F567AA /* Base */ = {isa = PBXFileReference; lastKnownFileType = file.storyboard; name = Base; path = Base.lproj/Main.storyboard; sourceTree = "<group>"; };
		D95E34AB2199B49400F567AA /* Assets.xcassets */ = {isa = PBXFileReference; lastKnownFileType = folder.assetcatalog; path = Assets.xcassets; sourceTree = "<group>"; };
		D95E34AE2199B49400F567AA /* Base */ = {isa = PBXFileReference; lastKnownFileType = file.storyboard; name = Base; path = Base.lproj/LaunchScreen.storyboard; sourceTree = "<group>"; };
		D95E34B02199B49400F567AA /* Info.plist */ = {isa = PBXFileReference; lastKnownFileType = text.plist.xml; path = Info.plist; sourceTree = "<group>"; };
		D95E34B12199B49400F567AA /* main.m */ = {isa = PBXFileReference; lastKnownFileType = sourcecode.c.objc; path = main.m; sourceTree = "<group>"; };
		D95E34B72199B49400F567AA /* PSOpenGL_RenderTests.xctest */ = {isa = PBXFileReference; explicitFileType = wrapper.cfbundle; includeInIndex = 0; path = PSOpenGL_RenderTests.xctest; sourceTree = BUILT_PRODUCTS_DIR; };
		D95E34BB2199B49400F567AA /* PSOpenGL_RenderTests.m */ = {isa = PBXFileReference; lastKnownFileType = sourcecode.c.objc; path = PSOpenGL_RenderTests.m; sourceTree = "<group>"; };
		D95E34BD2199B49400F567AA /* Info.plist */ = {isa = PBXFileReference; lastKnownFileType = text.plist.xml; path = Info.plist; sourceTree = "<group>"; };
		D95E34C22199B49400F567AA /* PSOpenGL_RenderUITests.xctest */ = {isa = PBXFileReference; explicitFileType = wrapper.cfbundle; includeInIndex = 0; path = PSOpenGL_RenderUITests.xctest; sourceTree = BUILT_PRODUCTS_DIR; };
		D95E34C62199B49400F567AA /* PSOpenGL_RenderUITests.m */ = {isa = PBXFileReference; lastKnownFileType = sourcecode.c.objc; path = PSOpenGL_RenderUITests.m; sourceTree = "<group>"; };
		D95E34C82199B49400F567AA /* Info.plist */ = {isa = PBXFileReference; lastKnownFileType = text.plist.xml; path = Info.plist; sourceTree = "<group>"; };
		D95E34D9219AAB9800F567AA /* PSOpenGLRenderView.h */ = {isa = PBXFileReference; lastKnownFileType = sourcecode.c.h; path = PSOpenGLRenderView.h; sourceTree = "<group>"; };
		D95E34DA219AAB9800F567AA /* PSOpenGLRenderView.mm */ = {isa = PBXFileReference; lastKnownFileType = sourcecode.cpp.objcpp; path = PSOpenGLRenderView.mm; sourceTree = "<group>"; };
		D95E34DD219AABAD00F567AA /* OpenGLES.framework */ = {isa = PBXFileReference; lastKnownFileType = wrapper.framework; name = OpenGLES.framework; path = System/Library/Frameworks/OpenGLES.framework; sourceTree = SDKROOT; };
		D95E34E2219ACEA800F567AA /* pnginfo.h */ = {isa = PBXFileReference; fileEncoding = 4; lastKnownFileType = sourcecode.c.h; path = pnginfo.h; sourceTree = "<group>"; };
		D95E34E3219ACEA800F567AA /* libpng-config.in */ = {isa = PBXFileReference; fileEncoding = 4; lastKnownFileType = text.script.sh; path = "libpng-config.in"; sourceTree = "<group>"; };
		D95E34E4219ACEA800F567AA /* pngrio.c */ = {isa = PBXFileReference; fileEncoding = 4; lastKnownFileType = sourcecode.c.c; path = pngrio.c; sourceTree = "<group>"; };
		D95E34E5219ACEA800F567AA /* pngerror.c */ = {isa = PBXFileReference; fileEncoding = 4; lastKnownFileType = sourcecode.c.c; path = pngerror.c; sourceTree = "<group>"; };
		D95E34E6219ACEA800F567AA /* INSTALL */ = {isa = PBXFileReference; fileEncoding = 4; lastKnownFileType = text; path = INSTALL; sourceTree = "<group>"; };
		D95E34E7219ACEA800F567AA /* ANNOUNCE */ = {isa = PBXFileReference; fileEncoding = 4; lastKnownFileType = text; path = ANNOUNCE; sourceTree = "<group>"; };
		D95E34E8219ACEA800F567AA /* CMakeLists.txt */ = {isa = PBXFileReference; fileEncoding = 4; lastKnownFileType = text; path = CMakeLists.txt; sourceTree = "<group>"; };
		D95E34E9219ACEA800F567AA /* pngwio.c */ = {isa = PBXFileReference; fileEncoding = 4; lastKnownFileType = sourcecode.c.c; path = pngwio.c; sourceTree = "<group>"; };
		D95E34EA219ACEA800F567AA /* pngstruct.h */ = {isa = PBXFileReference; fileEncoding = 4; lastKnownFileType = sourcecode.c.h; path = pngstruct.h; sourceTree = "<group>"; };
		D95E34EB219ACEA800F567AA /* LICENSE */ = {isa = PBXFileReference; fileEncoding = 4; lastKnownFileType = text; path = LICENSE; sourceTree = "<group>"; };
		D95E34EC219ACEA800F567AA /* libpng.pc.in */ = {isa = PBXFileReference; fileEncoding = 4; lastKnownFileType = text; path = libpng.pc.in; sourceTree = "<group>"; };
		D95E34ED219ACEA800F567AA /* pngtrans.c */ = {isa = PBXFileReference; fileEncoding = 4; lastKnownFileType = sourcecode.c.c; path = pngtrans.c; sourceTree = "<group>"; };
		D95E34EE219ACEA800F567AA /* configure */ = {isa = PBXFileReference; fileEncoding = 4; lastKnownFileType = text; path = configure; sourceTree = "<group>"; };
		D95E34EF219ACEA800F567AA /* pngpriv.h */ = {isa = PBXFileReference; fileEncoding = 4; lastKnownFileType = sourcecode.c.h; path = pngpriv.h; sourceTree = "<group>"; };
		D95E34F0219ACEA800F567AA /* pngnow.png */ = {isa = PBXFileReference; lastKnownFileType = image.png; path = pngnow.png; sourceTree = "<group>"; };
		D95E34F1219ACEA800F567AA /* CHANGES */ = {isa = PBXFileReference; fileEncoding = 4; lastKnownFileType = text; path = CHANGES; sourceTree = "<group>"; };
		D95E34F2219ACEA800F567AA /* pngbar.jpg */ = {isa = PBXFileReference; lastKnownFileType = image.jpeg; path = pngbar.jpg; sourceTree = "<group>"; };
		D95E34F3219ACEA800F567AA /* pngbar.png */ = {isa = PBXFileReference; lastKnownFileType = image.png; path = pngbar.png; sourceTree = "<group>"; };
		D95E34F4219ACEA800F567AA /* pngwrite.c */ = {isa = PBXFileReference; fileEncoding = 4; lastKnownFileType = sourcecode.c.c; path = pngwrite.c; sourceTree = "<group>"; };
		D95E34F5219ACEA800F567AA /* png.h */ = {isa = PBXFileReference; fileEncoding = 4; lastKnownFileType = sourcecode.c.h; path = png.h; sourceTree = "<group>"; };
		D95E34F6219ACEA800F567AA /* image.c */ = {isa = PBXFileReference; fileEncoding = 4; lastKnownFileType = sourcecode.c.c; path = image.c; sourceTree = "<group>"; };
		D95E34F7219ACEA800F567AA /* README */ = {isa = PBXFileReference; fileEncoding = 4; lastKnownFileType = text; path = README; sourceTree = "<group>"; };
		D95E34F8219ACEA800F567AA /* pngwutil.c */ = {isa = PBXFileReference; fileEncoding = 4; lastKnownFileType = sourcecode.c.c; path = pngwutil.c; sourceTree = "<group>"; };
		D95E34F9219ACEA800F567AA /* TODO */ = {isa = PBXFileReference; fileEncoding = 4; lastKnownFileType = text; path = TODO; sourceTree = "<group>"; };
		D95E34FA219ACEA800F567AA /* pngwtran.c */ = {isa = PBXFileReference; fileEncoding = 4; lastKnownFileType = sourcecode.c.c; path = pngwtran.c; sourceTree = "<group>"; };
		D95E34FB219ACEA800F567AA /* example.c */ = {isa = PBXFileReference; fileEncoding = 4; lastKnownFileType = sourcecode.c.c; path = example.c; sourceTree = "<group>"; };
		D95E34FC219ACEA800F567AA /* pnglibconf.h */ = {isa = PBXFileReference; fileEncoding = 4; lastKnownFileType = sourcecode.c.h; path = pnglibconf.h; sourceTree = "<group>"; };
		D95E34FD219ACEA800F567AA /* png_decoder.cpp */ = {isa = PBXFileReference; fileEncoding = 4; lastKnownFileType = sourcecode.cpp.cpp; path = png_decoder.cpp; sourceTree = "<group>"; };
		D95E34FE219ACEA800F567AA /* pngconf.h */ = {isa = PBXFileReference; fileEncoding = 4; lastKnownFileType = sourcecode.c.h; path = pngconf.h; sourceTree = "<group>"; };
		D95E34FF219ACEA800F567AA /* pngpread.c */ = {isa = PBXFileReference; fileEncoding = 4; lastKnownFileType = sourcecode.c.c; path = pngpread.c; sourceTree = "<group>"; };
		D95E3500219ACEA800F567AA /* pngdebug.h */ = {isa = PBXFileReference; fileEncoding = 4; lastKnownFileType = sourcecode.c.h; path = pngdebug.h; sourceTree = "<group>"; };
		D95E3501219ACEA800F567AA /* pngread.c */ = {isa = PBXFileReference; fileEncoding = 4; lastKnownFileType = sourcecode.c.c; path = pngread.c; sourceTree = "<group>"; };
		D95E3502219ACEA800F567AA /* libpng.3 */ = {isa = PBXFileReference; fileEncoding = 4; lastKnownFileType = text; path = libpng.3; sourceTree = "<group>"; };
		D95E3503219ACEA800F567AA /* libpngpf.3 */ = {isa = PBXFileReference; fileEncoding = 4; lastKnownFileType = text; path = libpngpf.3; sourceTree = "<group>"; };
		D95E3504219ACEA800F567AA /* pngtest.png */ = {isa = PBXFileReference; lastKnownFileType = image.png; path = pngtest.png; sourceTree = "<group>"; };
		D95E3505219ACEA800F567AA /* pngmem.c */ = {isa = PBXFileReference; fileEncoding = 4; lastKnownFileType = sourcecode.c.c; path = pngmem.c; sourceTree = "<group>"; };
		D95E3506219ACEA800F567AA /* pngget.c */ = {isa = PBXFileReference; fileEncoding = 4; lastKnownFileType = sourcecode.c.c; path = pngget.c; sourceTree = "<group>"; };
		D95E3507219ACEA800F567AA /* png_decoder.h */ = {isa = PBXFileReference; fileEncoding = 4; lastKnownFileType = sourcecode.c.h; path = png_decoder.h; sourceTree = "<group>"; };
		D95E3508219ACEA800F567AA /* png.c */ = {isa = PBXFileReference; fileEncoding = 4; lastKnownFileType = sourcecode.c.c; path = png.c; sourceTree = "<group>"; };
		D95E3509219ACEA800F567AA /* pngrtran.c */ = {isa = PBXFileReference; fileEncoding = 4; lastKnownFileType = sourcecode.c.c; path = pngrtran.c; sourceTree = "<group>"; };
		D95E350A219ACEA800F567AA /* pngrutil.c */ = {isa = PBXFileReference; fileEncoding = 4; lastKnownFileType = sourcecode.c.c; path = pngrutil.c; sourceTree = "<group>"; };
		D95E350B219ACEA800F567AA /* libpng-manual.txt */ = {isa = PBXFileReference; fileEncoding = 4; lastKnownFileType = text; path = "libpng-manual.txt"; sourceTree = "<group>"; };
		D95E350C219ACEA800F567AA /* image.h */ = {isa = PBXFileReference; fileEncoding = 4; lastKnownFileType = sourcecode.c.h; path = image.h; sourceTree = "<group>"; };
		D95E350D219ACEA800F567AA /* pngset.c */ = {isa = PBXFileReference; fileEncoding = 4; lastKnownFileType = sourcecode.c.c; path = pngset.c; sourceTree = "<group>"; };
		D95E350E219ACEA800F567AA /* png.5 */ = {isa = PBXFileReference; fileEncoding = 4; lastKnownFileType = text; path = png.5; sourceTree = "<group>"; };
		D95E350F219ACEA800F567AA /* 1.png */ = {isa = PBXFileReference; lastKnownFileType = image.png; path = 1.png; sourceTree = "<group>"; };
		D95E3535219ACF3800F567AA /* rgba_frame.cpp */ = {isa = PBXFileReference; lastKnownFileType = sourcecode.cpp.cpp; path = rgba_frame.cpp; sourceTree = "<group>"; };
		D95E3536219ACF3800F567AA /* rgba_frame.hpp */ = {isa = PBXFileReference; lastKnownFileType = sourcecode.cpp.h; path = rgba_frame.hpp; sourceTree = "<group>"; };
		D95E3539219AD39A00F567AA /* CommonUtil.m */ = {isa = PBXFileReference; fileEncoding = 4; lastKnownFileType = sourcecode.c.objc; path = CommonUtil.m; sourceTree = "<group>"; };
		D95E353A219AD39A00F567AA /* CommonUtil.h */ = {isa = PBXFileReference; fileEncoding = 4; lastKnownFileType = sourcecode.c.h; path = CommonUtil.h; sourceTree = "<group>"; };
		D95E353E219BCB3700F567AA /* PSTextureRender.h */ = {isa = PBXFileReference; lastKnownFileType = sourcecode.c.h; path = PSTextureRender.h; sourceTree = "<group>"; };
		D95E353F219BCB3700F567AA /* PSTextureRender.mm */ = {isa = PBXFileReference; lastKnownFileType = sourcecode.cpp.objcpp; path = PSTextureRender.mm; sourceTree = "<group>"; };
/* End PBXFileReference section */

/* Begin PBXFrameworksBuildPhase section */
		D95E349C2199B49300F567AA /* Frameworks */ = {
			isa = PBXFrameworksBuildPhase;
			buildActionMask = 2147483647;
			files = (
				D95E34DE219AABAD00F567AA /* OpenGLES.framework in Frameworks */,
			);
			runOnlyForDeploymentPostprocessing = 0;
		};
		D95E34B42199B49400F567AA /* Frameworks */ = {
			isa = PBXFrameworksBuildPhase;
			buildActionMask = 2147483647;
			files = (
			);
			runOnlyForDeploymentPostprocessing = 0;
		};
		D95E34BF2199B49400F567AA /* Frameworks */ = {
			isa = PBXFrameworksBuildPhase;
			buildActionMask = 2147483647;
			files = (
			);
			runOnlyForDeploymentPostprocessing = 0;
		};
/* End PBXFrameworksBuildPhase section */

/* Begin PBXGroup section */
		D95E34962199B49300F567AA = {
			isa = PBXGroup;
			children = (
				D95E34A12199B49300F567AA /* PSOpenGL_Render */,
				D95E34BA2199B49400F567AA /* PSOpenGL_RenderTests */,
				D95E34C52199B49400F567AA /* PSOpenGL_RenderUITests */,
				D95E34A02199B49300F567AA /* Products */,
				D95E34DC219AABAD00F567AA /* Frameworks */,
			);
			sourceTree = "<group>";
		};
		D95E34A02199B49300F567AA /* Products */ = {
			isa = PBXGroup;
			children = (
				D95E349F2199B49300F567AA /* PSOpenGL_Render.app */,
				D95E34B72199B49400F567AA /* PSOpenGL_RenderTests.xctest */,
				D95E34C22199B49400F567AA /* PSOpenGL_RenderUITests.xctest */,
			);
			name = Products;
			sourceTree = "<group>";
		};
		D95E34A12199B49300F567AA /* PSOpenGL_Render */ = {
			isa = PBXGroup;
			children = (
				D95E3538219AD39A00F567AA /* utils */,
				D95E350F219ACEA800F567AA /* 1.png */,
				D95E34E0219ACEA800F567AA /* 3rdparty */,
				D95E34A22199B49300F567AA /* AppDelegate.h */,
				D95E34A32199B49300F567AA /* AppDelegate.m */,
				D95E34A52199B49300F567AA /* ViewController.h */,
				D95E34A62199B49300F567AA /* ViewController.mm */,
				D95E34D9219AAB9800F567AA /* PSOpenGLRenderView.h */,
				D95E34DA219AAB9800F567AA /* PSOpenGLRenderView.mm */,
				D95E353E219BCB3700F567AA /* PSTextureRender.h */,
				D95E353F219BCB3700F567AA /* PSTextureRender.mm */,
				D95E34A82199B49300F567AA /* Main.storyboard */,
				D95E34AB2199B49400F567AA /* Assets.xcassets */,
				D95E34AD2199B49400F567AA /* LaunchScreen.storyboard */,
				D95E34B02199B49400F567AA /* Info.plist */,
				D95E34B12199B49400F567AA /* main.m */,
				D95E3535219ACF3800F567AA /* rgba_frame.cpp */,
				D95E3536219ACF3800F567AA /* rgba_frame.hpp */,
			);
			path = PSOpenGL_Render;
			sourceTree = "<group>";
		};
		D95E34BA2199B49400F567AA /* PSOpenGL_RenderTests */ = {
			isa = PBXGroup;
			children = (
				D95E34BB2199B49400F567AA /* PSOpenGL_RenderTests.m */,
				D95E34BD2199B49400F567AA /* Info.plist */,
			);
			path = PSOpenGL_RenderTests;
			sourceTree = "<group>";
		};
		D95E34C52199B49400F567AA /* PSOpenGL_RenderUITests */ = {
			isa = PBXGroup;
			children = (
				D95E34C62199B49400F567AA /* PSOpenGL_RenderUITests.m */,
				D95E34C82199B49400F567AA /* Info.plist */,
			);
			path = PSOpenGL_RenderUITests;
			sourceTree = "<group>";
		};
		D95E34DC219AABAD00F567AA /* Frameworks */ = {
			isa = PBXGroup;
			children = (
				D95E34DD219AABAD00F567AA /* OpenGLES.framework */,
			);
			name = Frameworks;
			sourceTree = "<group>";
		};
		D95E34E0219ACEA800F567AA /* 3rdparty */ = {
			isa = PBXGroup;
			children = (
				D95E34E1219ACEA800F567AA /* libpng */,
			);
			path = 3rdparty;
			sourceTree = "<group>";
		};
		D95E34E1219ACEA800F567AA /* libpng */ = {
			isa = PBXGroup;
			children = (
				D95E34E2219ACEA800F567AA /* pnginfo.h */,
				D95E34E3219ACEA800F567AA /* libpng-config.in */,
				D95E34E4219ACEA800F567AA /* pngrio.c */,
				D95E34E5219ACEA800F567AA /* pngerror.c */,
				D95E34E6219ACEA800F567AA /* INSTALL */,
				D95E34E7219ACEA800F567AA /* ANNOUNCE */,
				D95E34E8219ACEA800F567AA /* CMakeLists.txt */,
				D95E34E9219ACEA800F567AA /* pngwio.c */,
				D95E34EA219ACEA800F567AA /* pngstruct.h */,
				D95E34EB219ACEA800F567AA /* LICENSE */,
				D95E34EC219ACEA800F567AA /* libpng.pc.in */,
				D95E34ED219ACEA800F567AA /* pngtrans.c */,
				D95E34EE219ACEA800F567AA /* configure */,
				D95E34EF219ACEA800F567AA /* pngpriv.h */,
				D95E34F0219ACEA800F567AA /* pngnow.png */,
				D95E34F1219ACEA800F567AA /* CHANGES */,
				D95E34F2219ACEA800F567AA /* pngbar.jpg */,
				D95E34F3219ACEA800F567AA /* pngbar.png */,
				D95E34F4219ACEA800F567AA /* pngwrite.c */,
				D95E34F5219ACEA800F567AA /* png.h */,
				D95E34F6219ACEA800F567AA /* image.c */,
				D95E34F7219ACEA800F567AA /* README */,
				D95E34F8219ACEA800F567AA /* pngwutil.c */,
				D95E34F9219ACEA800F567AA /* TODO */,
				D95E34FA219ACEA800F567AA /* pngwtran.c */,
				D95E34FB219ACEA800F567AA /* example.c */,
				D95E34FC219ACEA800F567AA /* pnglibconf.h */,
				D95E34FD219ACEA800F567AA /* png_decoder.cpp */,
				D95E34FE219ACEA800F567AA /* pngconf.h */,
				D95E34FF219ACEA800F567AA /* pngpread.c */,
				D95E3500219ACEA800F567AA /* pngdebug.h */,
				D95E3501219ACEA800F567AA /* pngread.c */,
				D95E3502219ACEA800F567AA /* libpng.3 */,
				D95E3503219ACEA800F567AA /* libpngpf.3 */,
				D95E3504219ACEA800F567AA /* pngtest.png */,
				D95E3505219ACEA800F567AA /* pngmem.c */,
				D95E3506219ACEA800F567AA /* pngget.c */,
				D95E3507219ACEA800F567AA /* png_decoder.h */,
				D95E3508219ACEA800F567AA /* png.c */,
				D95E3509219ACEA800F567AA /* pngrtran.c */,
				D95E350A219ACEA800F567AA /* pngrutil.c */,
				D95E350B219ACEA800F567AA /* libpng-manual.txt */,
				D95E350C219ACEA800F567AA /* image.h */,
				D95E350D219ACEA800F567AA /* pngset.c */,
				D95E350E219ACEA800F567AA /* png.5 */,
			);
			path = libpng;
			sourceTree = "<group>";
		};
		D95E3538219AD39A00F567AA /* utils */ = {
			isa = PBXGroup;
			children = (
				D95E3539219AD39A00F567AA /* CommonUtil.m */,
				D95E353A219AD39A00F567AA /* CommonUtil.h */,
			);
			path = utils;
			sourceTree = "<group>";
		};
/* End PBXGroup section */

/* Begin PBXNativeTarget section */
		D95E349E2199B49300F567AA /* PSOpenGL_Render */ = {
			isa = PBXNativeTarget;
			buildConfigurationList = D95E34CB2199B49400F567AA /* Build configuration list for PBXNativeTarget "PSOpenGL_Render" */;
			buildPhases = (
				D95E349B2199B49300F567AA /* Sources */,
				D95E349C2199B49300F567AA /* Frameworks */,
				D95E349D2199B49300F567AA /* Resources */,
			);
			buildRules = (
			);
			dependencies = (
			);
			name = PSOpenGL_Render;
			productName = PSOpenGL_Render;
			productReference = D95E349F2199B49300F567AA /* PSOpenGL_Render.app */;
			productType = "com.apple.product-type.application";
		};
		D95E34B62199B49400F567AA /* PSOpenGL_RenderTests */ = {
			isa = PBXNativeTarget;
			buildConfigurationList = D95E34CE2199B49400F567AA /* Build configuration list for PBXNativeTarget "PSOpenGL_RenderTests" */;
			buildPhases = (
				D95E34B32199B49400F567AA /* Sources */,
				D95E34B42199B49400F567AA /* Frameworks */,
				D95E34B52199B49400F567AA /* Resources */,
			);
			buildRules = (
			);
			dependencies = (
				D95E34B92199B49400F567AA /* PBXTargetDependency */,
			);
			name = PSOpenGL_RenderTests;
			productName = PSOpenGL_RenderTests;
			productReference = D95E34B72199B49400F567AA /* PSOpenGL_RenderTests.xctest */;
			productType = "com.apple.product-type.bundle.unit-test";
		};
		D95E34C12199B49400F567AA /* PSOpenGL_RenderUITests */ = {
			isa = PBXNativeTarget;
			buildConfigurationList = D95E34D12199B49400F567AA /* Build configuration list for PBXNativeTarget "PSOpenGL_RenderUITests" */;
			buildPhases = (
				D95E34BE2199B49400F567AA /* Sources */,
				D95E34BF2199B49400F567AA /* Frameworks */,
				D95E34C02199B49400F567AA /* Resources */,
			);
			buildRules = (
			);
			dependencies = (
				D95E34C42199B49400F567AA /* PBXTargetDependency */,
			);
			name = PSOpenGL_RenderUITests;
			productName = PSOpenGL_RenderUITests;
			productReference = D95E34C22199B49400F567AA /* PSOpenGL_RenderUITests.xctest */;
			productType = "com.apple.product-type.bundle.ui-testing";
		};
/* End PBXNativeTarget section */

/* Begin PBXProject section */
		D95E34972199B49300F567AA /* Project object */ = {
			isa = PBXProject;
			attributes = {
				LastUpgradeCheck = 1010;
				ORGANIZATIONNAME = "梁鹏帅";
				TargetAttributes = {
					D95E349E2199B49300F567AA = {
						CreatedOnToolsVersion = 10.1;
					};
					D95E34B62199B49400F567AA = {
						CreatedOnToolsVersion = 10.1;
						TestTargetID = D95E349E2199B49300F567AA;
					};
					D95E34C12199B49400F567AA = {
						CreatedOnToolsVersion = 10.1;
						TestTargetID = D95E349E2199B49300F567AA;
					};
				};
			};
			buildConfigurationList = D95E349A2199B49300F567AA /* Build configuration list for PBXProject "PSOpenGL_Render" */;
			compatibilityVersion = "Xcode 9.3";
			developmentRegion = en;
			hasScannedForEncodings = 0;
			knownRegions = (
				en,
				Base,
			);
			mainGroup = D95E34962199B49300F567AA;
			productRefGroup = D95E34A02199B49300F567AA /* Products */;
			projectDirPath = "";
			projectRoot = "";
			targets = (
				D95E349E2199B49300F567AA /* PSOpenGL_Render */,
				D95E34B62199B49400F567AA /* PSOpenGL_RenderTests */,
				D95E34C12199B49400F567AA /* PSOpenGL_RenderUITests */,
			);
		};
/* End PBXProject section */

/* Begin PBXResourcesBuildPhase section */
		D95E349D2199B49300F567AA /* Resources */ = {
			isa = PBXResourcesBuildPhase;
			buildActionMask = 2147483647;
			files = (
				D95E3521219ACEA800F567AA /* README in Resources */,
				D95E352B219ACEA800F567AA /* pngtest.png in Resources */,
				D95E351C219ACEA800F567AA /* CHANGES in Resources */,
				D95E351D219ACEA800F567AA /* pngbar.jpg in Resources */,
				D95E3510219ACEA800F567AA /* libpng-config.in in Resources */,
				D95E351A219ACEA800F567AA /* configure in Resources */,
				D95E3514219ACEA800F567AA /* ANNOUNCE in Resources */,
				D95E3518219ACEA800F567AA /* libpng.pc.in in Resources */,
				D95E3517219ACEA800F567AA /* LICENSE in Resources */,
				D95E351E219ACEA800F567AA /* pngbar.png in Resources */,
				D95E34AF2199B49400F567AA /* LaunchScreen.storyboard in Resources */,
				D95E3534219ACEA800F567AA /* 1.png in Resources */,
				D95E3523219ACEA800F567AA /* TODO in Resources */,
				D95E34AC2199B49400F567AA /* Assets.xcassets in Resources */,
				D95E3515219ACEA800F567AA /* CMakeLists.txt in Resources */,
				D95E3531219ACEA800F567AA /* libpng-manual.txt in Resources */,
				D95E3533219ACEA800F567AA /* png.5 in Resources */,
				D95E351B219ACEA800F567AA /* pngnow.png in Resources */,
				D95E34AA2199B49300F567AA /* Main.storyboard in Resources */,
				D95E352A219ACEA800F567AA /* libpngpf.3 in Resources */,
				D95E3529219ACEA800F567AA /* libpng.3 in Resources */,
				D95E3513219ACEA800F567AA /* INSTALL in Resources */,
			);
			runOnlyForDeploymentPostprocessing = 0;
		};
		D95E34B52199B49400F567AA /* Resources */ = {
			isa = PBXResourcesBuildPhase;
			buildActionMask = 2147483647;
			files = (
			);
			runOnlyForDeploymentPostprocessing = 0;
		};
		D95E34C02199B49400F567AA /* Resources */ = {
			isa = PBXResourcesBuildPhase;
			buildActionMask = 2147483647;
			files = (
			);
			runOnlyForDeploymentPostprocessing = 0;
		};
/* End PBXResourcesBuildPhase section */

/* Begin PBXSourcesBuildPhase section */
		D95E349B2199B49300F567AA /* Sources */ = {
			isa = PBXSourcesBuildPhase;
			buildActionMask = 2147483647;
			files = (
				D95E352C219ACEA800F567AA /* pngmem.c in Sources */,
				D95E3525219ACEA800F567AA /* example.c in Sources */,
				D95E3532219ACEA800F567AA /* pngset.c in Sources */,
				D95E352D219ACEA800F567AA /* pngget.c in Sources */,
				D95E352F219ACEA800F567AA /* pngrtran.c in Sources */,
				D95E3530219ACEA800F567AA /* pngrutil.c in Sources */,
				D95E352E219ACEA800F567AA /* png.c in Sources */,
				D95E351F219ACEA800F567AA /* pngwrite.c in Sources */,
				D95E3520219ACEA800F567AA /* image.c in Sources */,
				D95E3519219ACEA800F567AA /* pngtrans.c in Sources */,
				D95E3512219ACEA800F567AA /* pngerror.c in Sources */,
				D95E3524219ACEA800F567AA /* pngwtran.c in Sources */,
				D95E3516219ACEA800F567AA /* pngwio.c in Sources */,
				D95E34A72199B49300F567AA /* ViewController.mm in Sources */,
				D95E3540219BCB3700F567AA /* PSTextureRender.mm in Sources */,
				D95E34B22199B49400F567AA /* main.m in Sources */,
				D95E3522219ACEA800F567AA /* pngwutil.c in Sources */,
				D95E3526219ACEA800F567AA /* png_decoder.cpp in Sources */,
				D95E3528219ACEA800F567AA /* pngread.c in Sources */,
				D95E34DB219AAB9800F567AA /* PSOpenGLRenderView.mm in Sources */,
				D95E3511219ACEA800F567AA /* pngrio.c in Sources */,
				D95E3527219ACEA800F567AA /* pngpread.c in Sources */,
				D95E34A42199B49300F567AA /* AppDelegate.m in Sources */,
				D95E353B219AD39A00F567AA /* CommonUtil.m in Sources */,
				D95E3537219ACF3800F567AA /* rgba_frame.cpp in Sources */,
			);
			runOnlyForDeploymentPostprocessing = 0;
		};
		D95E34B32199B49400F567AA /* Sources */ = {
			isa = PBXSourcesBuildPhase;
			buildActionMask = 2147483647;
			files = (
				D95E34BC2199B49400F567AA /* PSOpenGL_RenderTests.m in Sources */,
			);
			runOnlyForDeploymentPostprocessing = 0;
		};
		D95E34BE2199B49400F567AA /* Sources */ = {
			isa = PBXSourcesBuildPhase;
			buildActionMask = 2147483647;
			files = (
				D95E34C72199B49400F567AA /* PSOpenGL_RenderUITests.m in Sources */,
			);
			runOnlyForDeploymentPostprocessing = 0;
		};
/* End PBXSourcesBuildPhase section */

/* Begin PBXTargetDependency section */
		D95E34B92199B49400F567AA /* PBXTargetDependency */ = {
			isa = PBXTargetDependency;
			target = D95E349E2199B49300F567AA /* PSOpenGL_Render */;
			targetProxy = D95E34B82199B49400F567AA /* PBXContainerItemProxy */;
		};
		D95E34C42199B49400F567AA /* PBXTargetDependency */ = {
			isa = PBXTargetDependency;
			target = D95E349E2199B49300F567AA /* PSOpenGL_Render */;
			targetProxy = D95E34C32199B49400F567AA /* PBXContainerItemProxy */;
		};
/* End PBXTargetDependency section */

/* Begin PBXVariantGroup section */
		D95E34A82199B49300F567AA /* Main.storyboard */ = {
			isa = PBXVariantGroup;
			children = (
				D95E34A92199B49300F567AA /* Base */,
			);
			name = Main.storyboard;
			sourceTree = "<group>";
		};
		D95E34AD2199B49400F567AA /* LaunchScreen.storyboard */ = {
			isa = PBXVariantGroup;
			children = (
				D95E34AE2199B49400F567AA /* Base */,
			);
			name = LaunchScreen.storyboard;
			sourceTree = "<group>";
		};
/* End PBXVariantGroup section */

/* Begin XCBuildConfiguration section */
		D95E34C92199B49400F567AA /* Debug */ = {
			isa = XCBuildConfiguration;
			buildSettings = {
				ALWAYS_SEARCH_USER_PATHS = NO;
				CLANG_ANALYZER_NONNULL = YES;
				CLANG_ANALYZER_NUMBER_OBJECT_CONVERSION = YES_AGGRESSIVE;
				CLANG_CXX_LANGUAGE_STANDARD = "gnu++14";
				CLANG_CXX_LIBRARY = "libc++";
				CLANG_ENABLE_MODULES = YES;
				CLANG_ENABLE_OBJC_ARC = YES;
				CLANG_ENABLE_OBJC_WEAK = YES;
				CLANG_WARN_BLOCK_CAPTURE_AUTORELEASING = YES;
				CLANG_WARN_BOOL_CONVERSION = YES;
				CLANG_WARN_COMMA = YES;
				CLANG_WARN_CONSTANT_CONVERSION = YES;
				CLANG_WARN_DEPRECATED_OBJC_IMPLEMENTATIONS = YES;
				CLANG_WARN_DIRECT_OBJC_ISA_USAGE = YES_ERROR;
				CLANG_WARN_DOCUMENTATION_COMMENTS = YES;
				CLANG_WARN_EMPTY_BODY = YES;
				CLANG_WARN_ENUM_CONVERSION = YES;
				CLANG_WARN_INFINITE_RECURSION = YES;
				CLANG_WARN_INT_CONVERSION = YES;
				CLANG_WARN_NON_LITERAL_NULL_CONVERSION = YES;
				CLANG_WARN_OBJC_IMPLICIT_RETAIN_SELF = YES;
				CLANG_WARN_OBJC_LITERAL_CONVERSION = YES;
				CLANG_WARN_OBJC_ROOT_CLASS = YES_ERROR;
				CLANG_WARN_RANGE_LOOP_ANALYSIS = YES;
				CLANG_WARN_STRICT_PROTOTYPES = YES;
				CLANG_WARN_SUSPICIOUS_MOVE = YES;
				CLANG_WARN_UNGUARDED_AVAILABILITY = YES_AGGRESSIVE;
				CLANG_WARN_UNREACHABLE_CODE = YES;
				CLANG_WARN__DUPLICATE_METHOD_MATCH = YES;
				CODE_SIGN_IDENTITY = "iPhone Developer";
				COPY_PHASE_STRIP = NO;
				DEBUG_INFORMATION_FORMAT = dwarf;
				ENABLE_STRICT_OBJC_MSGSEND = YES;
				ENABLE_TESTABILITY = YES;
				GCC_C_LANGUAGE_STANDARD = gnu11;
				GCC_DYNAMIC_NO_PIC = NO;
				GCC_NO_COMMON_BLOCKS = YES;
				GCC_OPTIMIZATION_LEVEL = 0;
				GCC_PREPROCESSOR_DEFINITIONS = (
					"DEBUG=1",
					"$(inherited)",
				);
				GCC_WARN_64_TO_32_BIT_CONVERSION = YES;
				GCC_WARN_ABOUT_RETURN_TYPE = YES_ERROR;
				GCC_WARN_UNDECLARED_SELECTOR = YES;
				GCC_WARN_UNINITIALIZED_AUTOS = YES_AGGRESSIVE;
				GCC_WARN_UNUSED_FUNCTION = YES;
				GCC_WARN_UNUSED_VARIABLE = YES;
				IPHONEOS_DEPLOYMENT_TARGET = 12.1;
				MTL_ENABLE_DEBUG_INFO = INCLUDE_SOURCE;
				MTL_FAST_MATH = YES;
				ONLY_ACTIVE_ARCH = YES;
				SDKROOT = iphoneos;
			};
			name = Debug;
		};
		D95E34CA2199B49400F567AA /* Release */ = {
			isa = XCBuildConfiguration;
			buildSettings = {
				ALWAYS_SEARCH_USER_PATHS = NO;
				CLANG_ANALYZER_NONNULL = YES;
				CLANG_ANALYZER_NUMBER_OBJECT_CONVERSION = YES_AGGRESSIVE;
				CLANG_CXX_LANGUAGE_STANDARD = "gnu++14";
				CLANG_CXX_LIBRARY = "libc++";
				CLANG_ENABLE_MODULES = YES;
				CLANG_ENABLE_OBJC_ARC = YES;
				CLANG_ENABLE_OBJC_WEAK = YES;
				CLANG_WARN_BLOCK_CAPTURE_AUTORELEASING = YES;
				CLANG_WARN_BOOL_CONVERSION = YES;
				CLANG_WARN_COMMA = YES;
				CLANG_WARN_CONSTANT_CONVERSION = YES;
				CLANG_WARN_DEPRECATED_OBJC_IMPLEMENTATIONS = YES;
				CLANG_WARN_DIRECT_OBJC_ISA_USAGE = YES_ERROR;
				CLANG_WARN_DOCUMENTATION_COMMENTS = YES;
				CLANG_WARN_EMPTY_BODY = YES;
				CLANG_WARN_ENUM_CONVERSION = YES;
				CLANG_WARN_INFINITE_RECURSION = YES;
				CLANG_WARN_INT_CONVERSION = YES;
				CLANG_WARN_NON_LITERAL_NULL_CONVERSION = YES;
				CLANG_WARN_OBJC_IMPLICIT_RETAIN_SELF = YES;
				CLANG_WARN_OBJC_LITERAL_CONVERSION = YES;
				CLANG_WARN_OBJC_ROOT_CLASS = YES_ERROR;
				CLANG_WARN_RANGE_LOOP_ANALYSIS = YES;
				CLANG_WARN_STRICT_PROTOTYPES = YES;
				CLANG_WARN_SUSPICIOUS_MOVE = YES;
				CLANG_WARN_UNGUARDED_AVAILABILITY = YES_AGGRESSIVE;
				CLANG_WARN_UNREACHABLE_CODE = YES;
				CLANG_WARN__DUPLICATE_METHOD_MATCH = YES;
				CODE_SIGN_IDENTITY = "iPhone Developer";
				COPY_PHASE_STRIP = NO;
				DEBUG_INFORMATION_FORMAT = "dwarf-with-dsym";
				ENABLE_NS_ASSERTIONS = NO;
				ENABLE_STRICT_OBJC_MSGSEND = YES;
				GCC_C_LANGUAGE_STANDARD = gnu11;
				GCC_NO_COMMON_BLOCKS = YES;
				GCC_WARN_64_TO_32_BIT_CONVERSION = YES;
				GCC_WARN_ABOUT_RETURN_TYPE = YES_ERROR;
				GCC_WARN_UNDECLARED_SELECTOR = YES;
				GCC_WARN_UNINITIALIZED_AUTOS = YES_AGGRESSIVE;
				GCC_WARN_UNUSED_FUNCTION = YES;
				GCC_WARN_UNUSED_VARIABLE = YES;
				IPHONEOS_DEPLOYMENT_TARGET = 12.1;
				MTL_ENABLE_DEBUG_INFO = NO;
				MTL_FAST_MATH = YES;
				SDKROOT = iphoneos;
				VALIDATE_PRODUCT = YES;
			};
			name = Release;
		};
		D95E34CC2199B49400F567AA /* Debug */ = {
			isa = XCBuildConfiguration;
			buildSettings = {
				ASSETCATALOG_COMPILER_APPICON_NAME = AppIcon;
				CODE_SIGN_STYLE = Automatic;
				DEVELOPMENT_TEAM = G8RG7Y36J8;
				INFOPLIST_FILE = PSOpenGL_Render/Info.plist;
				IPHONEOS_DEPLOYMENT_TARGET = 10;
				LD_RUNPATH_SEARCH_PATHS = (
					"$(inherited)",
					"@executable_path/Frameworks",
				);
				PRODUCT_BUNDLE_IDENTIFIER = "pengshuai.PSOpenGL-Render";
				PRODUCT_NAME = "$(TARGET_NAME)";
				TARGETED_DEVICE_FAMILY = "1,2";
			};
			name = Debug;
		};
		D95E34CD2199B49400F567AA /* Release */ = {
			isa = XCBuildConfiguration;
			buildSettings = {
				ASSETCATALOG_COMPILER_APPICON_NAME = AppIcon;
				CODE_SIGN_STYLE = Automatic;
				DEVELOPMENT_TEAM = G8RG7Y36J8;
				INFOPLIST_FILE = PSOpenGL_Render/Info.plist;
				IPHONEOS_DEPLOYMENT_TARGET = 10;
				LD_RUNPATH_SEARCH_PATHS = (
					"$(inherited)",
					"@executable_path/Frameworks",
				);
				PRODUCT_BUNDLE_IDENTIFIER = "pengshuai.PSOpenGL-Render";
				PRODUCT_NAME = "$(TARGET_NAME)";
				TARGETED_DEVICE_FAMILY = "1,2";
			};
			name = Release;
		};
		D95E34CF2199B49400F567AA /* Debug */ = {
			isa = XCBuildConfiguration;
			buildSettings = {
				BUNDLE_LOADER = "$(TEST_HOST)";
				CODE_SIGN_STYLE = Automatic;
				DEVELOPMENT_TEAM = G8RG7Y36J8;
				INFOPLIST_FILE = PSOpenGL_RenderTests/Info.plist;
				LD_RUNPATH_SEARCH_PATHS = (
					"$(inherited)",
					"@executable_path/Frameworks",
					"@loader_path/Frameworks",
				);
				PRODUCT_BUNDLE_IDENTIFIER = "pengshuai.PSOpenGL-RenderTests";
				PRODUCT_NAME = "$(TARGET_NAME)";
				TARGETED_DEVICE_FAMILY = "1,2";
				TEST_HOST = "$(BUILT_PRODUCTS_DIR)/PSOpenGL_Render.app/PSOpenGL_Render";
			};
			name = Debug;
		};
		D95E34D02199B49400F567AA /* Release */ = {
			isa = XCBuildConfiguration;
			buildSettings = {
				BUNDLE_LOADER = "$(TEST_HOST)";
				CODE_SIGN_STYLE = Automatic;
				DEVELOPMENT_TEAM = G8RG7Y36J8;
				INFOPLIST_FILE = PSOpenGL_RenderTests/Info.plist;
				LD_RUNPATH_SEARCH_PATHS = (
					"$(inherited)",
					"@executable_path/Frameworks",
					"@loader_path/Frameworks",
				);
				PRODUCT_BUNDLE_IDENTIFIER = "pengshuai.PSOpenGL-RenderTests";
				PRODUCT_NAME = "$(TARGET_NAME)";
				TARGETED_DEVICE_FAMILY = "1,2";
				TEST_HOST = "$(BUILT_PRODUCTS_DIR)/PSOpenGL_Render.app/PSOpenGL_Render";
			};
			name = Release;
		};
		D95E34D22199B49400F567AA /* Debug */ = {
			isa = XCBuildConfiguration;
			buildSettings = {
				CODE_SIGN_STYLE = Automatic;
				DEVELOPMENT_TEAM = G8RG7Y36J8;
				INFOPLIST_FILE = PSOpenGL_RenderUITests/Info.plist;
				LD_RUNPATH_SEARCH_PATHS = (
					"$(inherited)",
					"@executable_path/Frameworks",
					"@loader_path/Frameworks",
				);
				PRODUCT_BUNDLE_IDENTIFIER = "pengshuai.PSOpenGL-RenderUITests";
				PRODUCT_NAME = "$(TARGET_NAME)";
				TARGETED_DEVICE_FAMILY = "1,2";
				TEST_TARGET_NAME = PSOpenGL_Render;
			};
			name = Debug;
		};
		D95E34D32199B49400F567AA /* Release */ = {
			isa = XCBuildConfiguration;
			buildSettings = {
				CODE_SIGN_STYLE = Automatic;
				DEVELOPMENT_TEAM = G8RG7Y36J8;
				INFOPLIST_FILE = PSOpenGL_RenderUITests/Info.plist;
				LD_RUNPATH_SEARCH_PATHS = (
					"$(inherited)",
					"@executable_path/Frameworks",
					"@loader_path/Frameworks",
				);
				PRODUCT_BUNDLE_IDENTIFIER = "pengshuai.PSOpenGL-RenderUITests";
				PRODUCT_NAME = "$(TARGET_NAME)";
				TARGETED_DEVICE_FAMILY = "1,2";
				TEST_TARGET_NAME = PSOpenGL_Render;
			};
			name = Release;
		};
/* End XCBuildConfiguration section */

/* Begin XCConfigurationList section */
		D95E349A2199B49300F567AA /* Build configuration list for PBXProject "PSOpenGL_Render" */ = {
			isa = XCConfigurationList;
			buildConfigurations = (
				D95E34C92199B49400F567AA /* Debug */,
				D95E34CA2199B49400F567AA /* Release */,
			);
			defaultConfigurationIsVisible = 0;
			defaultConfigurationName = Release;
		};
		D95E34CB2199B49400F567AA /* Build configuration list for PBXNativeTarget "PSOpenGL_Render" */ = {
			isa = XCConfigurationList;
			buildConfigurations = (
				D95E34CC2199B49400F567AA /* Debug */,
				D95E34CD2199B49400F567AA /* Release */,
			);
			defaultConfigurationIsVisible = 0;
			defaultConfigurationName = Release;
		};
		D95E34CE2199B49400F567AA /* Build configuration list for PBXNativeTarget "PSOpenGL_RenderTests" */ = {
			isa = XCConfigurationList;
			buildConfigurations = (
				D95E34CF2199B49400F567AA /* Debug */,
				D95E34D02199B49400F567AA /* Release */,
			);
			defaultConfigurationIsVisible = 0;
			defaultConfigurationName = Release;
		};
		D95E34D12199B49400F567AA /* Build configuration list for PBXNativeTarget "PSOpenGL_RenderUITests" */ = {
			isa = XCConfigurationList;
			buildConfigurations = (
				D95E34D22199B49400F567AA /* Debug */,
				D95E34D32199B49400F567AA /* Release */,
			);
			defaultConfigurationIsVisible = 0;
			defaultConfigurationName = Release;
		};
/* End XCConfigurationList section */
	};
	rootObject = D95E34972199B49300F567AA /* Project object */;
}
